// !$*UTF8*$!
{
	archiveVersion = 1;
	classes = {
	};
	objectVersion = 56;
	objects = {

/* Begin PBXBuildFile section */
		9E19B24629183A5600F8C4C7 /* ellekitc.c in Sources */ = {isa = PBXBuildFile; fileRef = 9E19B240291814CB00F8C4C7 /* ellekitc.c */; };
		9E2D4F512938389B00EF6619 /* main.swift in Sources */ = {isa = PBXBuildFile; fileRef = 9E2D4F502938389B00EF6619 /* main.swift */; };
		9E2D4F562938391C00EF6619 /* libellekit.dylib in Frameworks */ = {isa = PBXBuildFile; fileRef = 9E92AAA9290D4E680018604C /* libellekit.dylib */; };
		9E2D4F572938391C00EF6619 /* libellekit.dylib in Embed Libraries */ = {isa = PBXBuildFile; fileRef = 9E92AAA9290D4E680018604C /* libellekit.dylib */; settings = {ATTRIBUTES = (CodeSignOnCopy, ); }; };
		9E2D4F5E293A9F6200EF6619 /* Rebind.swift in Sources */ = {isa = PBXBuildFile; fileRef = 9E2D4F5C293A9F2300EF6619 /* Rebind.swift */; };
		9E480192291090A3007E433F /* PAC.swift in Sources */ = {isa = PBXBuildFile; fileRef = 9E48019029108EF0007E433F /* PAC.swift */; };
		9E48019A29109B96007E433F /* Bits.swift in Sources */ = {isa = PBXBuildFile; fileRef = 9E48019829109B83007E433F /* Bits.swift */; };
		9E48019D2910A076007E433F /* Objective-C.swift in Sources */ = {isa = PBXBuildFile; fileRef = 9E48019B2910A04E007E433F /* Objective-C.swift */; };
		9E4801A12911EB37007E433F /* Orig.swift in Sources */ = {isa = PBXBuildFile; fileRef = 9E48019E2911EB20007E433F /* Orig.swift */; };
		9E4801AB2913E2E9007E433F /* Exception.swift in Sources */ = {isa = PBXBuildFile; fileRef = 9E4801A92913E0F7007E433F /* Exception.swift */; };
		9E4801AE2913ED56007E433F /* Globals.swift in Sources */ = {isa = PBXBuildFile; fileRef = 9E4801AC2913EB83007E433F /* Globals.swift */; };
		9E489EC02929793D00F81BBD /* Slide.swift in Sources */ = {isa = PBXBuildFile; fileRef = 9E489EBE292978E400F81BBD /* Slide.swift */; };
		9E4DE2D8294FF0D500889C2A /* ptrauth.swift in Sources */ = {isa = PBXBuildFile; fileRef = 9E4DE2D6294FEF7200889C2A /* ptrauth.swift */; };
		9E4DE2D9294FF19200889C2A /* ptrauth.swift in Sources */ = {isa = PBXBuildFile; fileRef = 9E4DE2D6294FEF7200889C2A /* ptrauth.swift */; };
		9E6403C4293D353400142198 /* main.swift in Sources */ = {isa = PBXBuildFile; fileRef = 9E381C3C293D1C88004D36B2 /* main.swift */; };
		9E698577290E015E00408E14 /* Libhooker.swift in Sources */ = {isa = PBXBuildFile; fileRef = 9E698575290DFB5000408E14 /* Libhooker.swift */; };
		9E69857A290ECAE500408E14 /* Sizing.swift in Sources */ = {isa = PBXBuildFile; fileRef = 9E698578290EC91700408E14 /* Sizing.swift */; };
		9E6EBF902960EA9000D0D186 /* Logger.swift in Sources */ = {isa = PBXBuildFile; fileRef = 9E6EBF8F2960EA9000D0D186 /* Logger.swift */; };
		9E6EBF922960EAF000D0D186 /* Logger.swift in Sources */ = {isa = PBXBuildFile; fileRef = 9E6EBF8F2960EA9000D0D186 /* Logger.swift */; };
		9E6EBF932960EAF300D0D186 /* Logger.swift in Sources */ = {isa = PBXBuildFile; fileRef = 9E6EBF8F2960EA9000D0D186 /* Logger.swift */; };
		9E6EBF942960EB2600D0D186 /* Logger.swift in Sources */ = {isa = PBXBuildFile; fileRef = 9E6EBF8F2960EA9000D0D186 /* Logger.swift */; };
		9E6EBF952960F8A200D0D186 /* Logger.swift in Sources */ = {isa = PBXBuildFile; fileRef = 9E6EBF8F2960EA9000D0D186 /* Logger.swift */; };
		9E6EBF982960FB5100D0D186 /* handler.swift in Sources */ = {isa = PBXBuildFile; fileRef = 9E6FBB642955478A007B28FC /* handler.swift */; };
		9E6EBF9A296136A300D0D186 /* Load Commands.swift in Sources */ = {isa = PBXBuildFile; fileRef = 9E6EBF99296136A300D0D186 /* Load Commands.swift */; };
		9E6EBF9F29622F9B00D0D186 /* Mapping.swift in Sources */ = {isa = PBXBuildFile; fileRef = 9E6EBF9E29622F9B00D0D186 /* Mapping.swift */; };
		9E6FBB352953F0F3007B28FC /* Rebinds.swift in Sources */ = {isa = PBXBuildFile; fileRef = 9E7DE81029529688008E8BB4 /* Rebinds.swift */; };
		9E70D387295FCA5B00B284F6 /* Register.swift in Sources */ = {isa = PBXBuildFile; fileRef = 9E92AA98290D4A040018604C /* Register.swift */; };
		9E70D388295FCA5B00B284F6 /* Slide.swift in Sources */ = {isa = PBXBuildFile; fileRef = 9E489EBE292978E400F81BBD /* Slide.swift */; };
		9E70D389295FCA5B00B284F6 /* PAC.swift in Sources */ = {isa = PBXBuildFile; fileRef = 9E48019029108EF0007E433F /* PAC.swift */; };
		9E70D38A295FCA5B00B284F6 /* Branches.swift in Sources */ = {isa = PBXBuildFile; fileRef = 9E92AA9A290D4A040018604C /* Branches.swift */; };
		9E70D38B295FCA5B00B284F6 /* Globals.swift in Sources */ = {isa = PBXBuildFile; fileRef = 9E4801AC2913EB83007E433F /* Globals.swift */; };
		9E70D38C295FCA5B00B284F6 /* Exception.swift in Sources */ = {isa = PBXBuildFile; fileRef = 9E4801A92913E0F7007E433F /* Exception.swift */; };
		9E70D38D295FCA5B00B284F6 /* ptrauth.swift in Sources */ = {isa = PBXBuildFile; fileRef = 9E4DE2D6294FEF7200889C2A /* ptrauth.swift */; };
		9E70D38E295FCA5B00B284F6 /* Execute.swift in Sources */ = {isa = PBXBuildFile; fileRef = 9E92AA97290D4A040018604C /* Execute.swift */; };
		9E70D38F295FCA5B00B284F6 /* General.swift in Sources */ = {isa = PBXBuildFile; fileRef = 9E92AA8A290D47540018604C /* General.swift */; };
		9E70D390295FCA5B00B284F6 /* Sizing.swift in Sources */ = {isa = PBXBuildFile; fileRef = 9E698578290EC91700408E14 /* Sizing.swift */; };
		9E70D391295FCA5B00B284F6 /* Math.swift in Sources */ = {isa = PBXBuildFile; fileRef = 9E92AA99290D4A040018604C /* Math.swift */; };
		9E70D392295FCA5B00B284F6 /* Bits.swift in Sources */ = {isa = PBXBuildFile; fileRef = 9E48019829109B83007E433F /* Bits.swift */; };
		9E70D393295FCA5B00B284F6 /* Hook.swift in Sources */ = {isa = PBXBuildFile; fileRef = 9E92AAA3290D4A1C0018604C /* Hook.swift */; };
		9E70D394295FCA5B00B284F6 /* Global.swift in Sources */ = {isa = PBXBuildFile; fileRef = 9EA0CC7C293AE89A0000E9AA /* Global.swift */; };
		9E70D395295FCA5B00B284F6 /* Rebind.swift in Sources */ = {isa = PBXBuildFile; fileRef = 9E2D4F5C293A9F2300EF6619 /* Rebind.swift */; };
		9E70D396295FCA5B00B284F6 /* Orig.swift in Sources */ = {isa = PBXBuildFile; fileRef = 9E48019E2911EB20007E433F /* Orig.swift */; };
		9E75EF7929492C5800C7AFEC /* PAC.swift in Sources */ = {isa = PBXBuildFile; fileRef = 9E48019029108EF0007E433F /* PAC.swift */; };
		9E7750FF2947DE3000747209 /* pac.c in Sources */ = {isa = PBXBuildFile; fileRef = 9E7750FE2947DE3000747209 /* pac.c */; };
		9E7DE7E9295293D2008E8BB4 /* entry.swift in Sources */ = {isa = PBXBuildFile; fileRef = 9E7DE7E8295293D2008E8BB4 /* entry.swift */; };
		9E7DE7EB295293E0008E8BB4 /* load.s in Sources */ = {isa = PBXBuildFile; fileRef = 9E7DE7EA295293E0008E8BB4 /* load.s */; };
		9E7DE80A29529436008E8BB4 /* ellekitc.c in Sources */ = {isa = PBXBuildFile; fileRef = 9E19B240291814CB00F8C4C7 /* ellekitc.c */; };
		9E7DE80B29529436008E8BB4 /* ellekit.h in Headers */ = {isa = PBXBuildFile; fileRef = 9E19B2392918118300F8C4C7 /* ellekit.h */; };
		9E7DE813295296A9008E8BB4 /* Implementations.swift in Sources */ = {isa = PBXBuildFile; fileRef = 9E7DE812295296A9008E8BB4 /* Implementations.swift */; };
		9E7DE81529529888008E8BB4 /* Tweak.swift in Sources */ = {isa = PBXBuildFile; fileRef = 9E7DE81429529888008E8BB4 /* Tweak.swift */; };
		9E823CF12942CFC80037659B /* Rebind.swift in Sources */ = {isa = PBXBuildFile; fileRef = 9E2D4F5C293A9F2300EF6619 /* Rebind.swift */; };
		9E823CF22942CFC80037659B /* General.swift in Sources */ = {isa = PBXBuildFile; fileRef = 9E92AA8A290D47540018604C /* General.swift */; };
		9E823CF32942CFC80037659B /* Branches.swift in Sources */ = {isa = PBXBuildFile; fileRef = 9E92AA9A290D4A040018604C /* Branches.swift */; };
		9E823CF42942CFC80037659B /* Math.swift in Sources */ = {isa = PBXBuildFile; fileRef = 9E92AA99290D4A040018604C /* Math.swift */; };
		9E823CF52942CFC80037659B /* Execute.swift in Sources */ = {isa = PBXBuildFile; fileRef = 9E92AA97290D4A040018604C /* Execute.swift */; };
		9E823CF62942CFC80037659B /* Register.swift in Sources */ = {isa = PBXBuildFile; fileRef = 9E92AA98290D4A040018604C /* Register.swift */; };
		9E823CF72942CFCF0037659B /* Bits.swift in Sources */ = {isa = PBXBuildFile; fileRef = 9E48019829109B83007E433F /* Bits.swift */; };
		9E823CF82942CFF40037659B /* Sizing.swift in Sources */ = {isa = PBXBuildFile; fileRef = 9E698578290EC91700408E14 /* Sizing.swift */; };
		9E82D898295383A5008A8F0A /* envp.swift in Sources */ = {isa = PBXBuildFile; fileRef = 9E82D897295383A5008A8F0A /* envp.swift */; };
		9E92AAAD290D4E7A0018604C /* MobileSubstrate.swift in Sources */ = {isa = PBXBuildFile; fileRef = 9E92AA96290D4A040018604C /* MobileSubstrate.swift */; };
		9E92AAAF290D4E7A0018604C /* Hook.swift in Sources */ = {isa = PBXBuildFile; fileRef = 9E92AAA3290D4A1C0018604C /* Hook.swift */; };
		9E92AAB0290D4E7A0018604C /* Math.swift in Sources */ = {isa = PBXBuildFile; fileRef = 9E92AA99290D4A040018604C /* Math.swift */; };
		9E92AAB1290D4E7A0018604C /* Register.swift in Sources */ = {isa = PBXBuildFile; fileRef = 9E92AA98290D4A040018604C /* Register.swift */; };
		9E92AAB3290D4E7A0018604C /* Execute.swift in Sources */ = {isa = PBXBuildFile; fileRef = 9E92AA97290D4A040018604C /* Execute.swift */; };
		9E92AAB4290D4E7A0018604C /* General.swift in Sources */ = {isa = PBXBuildFile; fileRef = 9E92AA8A290D47540018604C /* General.swift */; };
		9E92AAB5290D4E7A0018604C /* Branches.swift in Sources */ = {isa = PBXBuildFile; fileRef = 9E92AA9A290D4A040018604C /* Branches.swift */; };
		9E96A5C5295924A4000EDC43 /* main.swift in Sources */ = {isa = PBXBuildFile; fileRef = 9E96A5C4295924A4000EDC43 /* main.swift */; };
		9E96A5CB295A3548000EDC43 /* Symbols.swift in Sources */ = {isa = PBXBuildFile; fileRef = 9E96A5CA295A3548000EDC43 /* Symbols.swift */; };
		9E96A604295BC0E3000EDC43 /* Image.swift in Sources */ = {isa = PBXBuildFile; fileRef = 9E96A603295BC0E3000EDC43 /* Image.swift */; };
		9E97335A2953D6FD0036F339 /* fishhook.c in Sources */ = {isa = PBXBuildFile; fileRef = 9E9733582953D6FD0036F339 /* fishhook.c */; };
		9E97335B2953D6FD0036F339 /* fishhook.h in Headers */ = {isa = PBXBuildFile; fileRef = 9E9733592953D6FD0036F339 /* fishhook.h */; };
		9EA0CC7E293AEA550000E9AA /* Global.swift in Sources */ = {isa = PBXBuildFile; fileRef = 9EA0CC7C293AE89A0000E9AA /* Global.swift */; };
		9EA0D1C2291C5D7F0061B187 /* injector.swift in Sources */ = {isa = PBXBuildFile; fileRef = 9EA0D1C1291C5D7F0061B187 /* injector.swift */; };
		9EA498A729565DD00099A3ED /* load.s in Sources */ = {isa = PBXBuildFile; fileRef = 9EA4989C29565D830099A3ED /* load.s */; };
		9EA498A829565DD00099A3ED /* tweak.swift in Sources */ = {isa = PBXBuildFile; fileRef = 9EA4989A29565D0B0099A3ED /* tweak.swift */; };
		9EA498AA295662F10099A3ED /* Objective-C.swift in Sources */ = {isa = PBXBuildFile; fileRef = 9E48019B2910A04E007E433F /* Objective-C.swift */; };
		9EA498AC295663240099A3ED /* PAC.swift in Sources */ = {isa = PBXBuildFile; fileRef = 9E48019029108EF0007E433F /* PAC.swift */; };
		9EA498AD2956633A0099A3ED /* ellekitc.c in Sources */ = {isa = PBXBuildFile; fileRef = 9E19B240291814CB00F8C4C7 /* ellekitc.c */; };
		9EC2B2DF296B8CAE0079379D /* Load Commands.swift in Sources */ = {isa = PBXBuildFile; fileRef = 9E6EBF99296136A300D0D186 /* Load Commands.swift */; };
		9ECE28DE292026B10038D993 /* load.s in Sources */ = {isa = PBXBuildFile; fileRef = 9ECE28DD292026B10038D993 /* load.s */; };
		9ED080CA29417AA900A81AF1 /* launchd.swift in Sources */ = {isa = PBXBuildFile; fileRef = 9ED080C929417AA900A81AF1 /* launchd.swift */; };
		9ED5277F29673BC9009319AA /* button.swift in Sources */ = {isa = PBXBuildFile; fileRef = 9ED5277E29673BC9009319AA /* button.swift */; };
		9ED5278229673C0F009319AA /* IOKit.framework in Frameworks */ = {isa = PBXBuildFile; fileRef = 9ED5278129673C0F009319AA /* IOKit.framework */; platformFilters = (ios, maccatalyst, macos, tvos, ); };
/* End PBXBuildFile section */

/* Begin PBXContainerItemProxy section */
		9E2D4F582938391C00EF6619 /* PBXContainerItemProxy */ = {
			isa = PBXContainerItemProxy;
			containerPortal = 9E92AA7F290D47540018604C /* Project object */;
			proxyType = 1;
			remoteGlobalIDString = 9E92AAA8290D4E680018604C;
			remoteInfo = "ellekit-mac";
		};
/* End PBXContainerItemProxy section */

/* Begin PBXCopyFilesBuildPhase section */
		9E2D4F4C2938389B00EF6619 /* CopyFiles */ = {
			isa = PBXCopyFilesBuildPhase;
			buildActionMask = 2147483647;
			dstPath = /usr/share/man/man1/;
			dstSubfolderSpec = 0;
			files = (
			);
			runOnlyForDeploymentPostprocessing = 1;
		};
		9E2D4F5A2938391D00EF6619 /* Embed Libraries */ = {
			isa = PBXCopyFilesBuildPhase;
			buildActionMask = 2147483647;
			dstPath = "";
			dstSubfolderSpec = 10;
			files = (
				9E2D4F572938391C00EF6619 /* libellekit.dylib in Embed Libraries */,
			);
			name = "Embed Libraries";
			runOnlyForDeploymentPostprocessing = 0;
		};
		9E381C38293D1C87004D36B2 /* CopyFiles */ = {
			isa = PBXCopyFilesBuildPhase;
			buildActionMask = 2147483647;
			dstPath = /usr/share/man/man1/;
			dstSubfolderSpec = 0;
			files = (
			);
			runOnlyForDeploymentPostprocessing = 1;
		};
		9E96A5C0295924A4000EDC43 /* CopyFiles */ = {
			isa = PBXCopyFilesBuildPhase;
			buildActionMask = 2147483647;
			dstPath = /usr/share/man/man1/;
			dstSubfolderSpec = 0;
			files = (
			);
			runOnlyForDeploymentPostprocessing = 1;
		};
/* End PBXCopyFilesBuildPhase section */

/* Begin PBXFileReference section */
		9E080FA2294AA5A000EDC301 /* lib */ = {isa = PBXFileReference; lastKnownFileType = folder; name = lib; path = ../../../../usr/local/lib; sourceTree = "<group>"; };
		9E080FA4294AA5AC00EDC301 /* libes-injector.dylib */ = {isa = PBXFileReference; lastKnownFileType = "compiled.mach-o.dylib"; name = "libes-injector.dylib"; path = "../../../../usr/local/lib/libes-injector.dylib"; sourceTree = "<group>"; };
		9E19B22D2918011800F8C4C7 /* Package.swift */ = {isa = PBXFileReference; lastKnownFileType = sourcecode.swift; path = Package.swift; sourceTree = "<group>"; };
		9E19B2392918118300F8C4C7 /* ellekit.h */ = {isa = PBXFileReference; lastKnownFileType = sourcecode.c.h; path = ellekit.h; sourceTree = "<group>"; };
		9E19B240291814CB00F8C4C7 /* ellekitc.c */ = {isa = PBXFileReference; lastKnownFileType = sourcecode.c.c; path = ellekitc.c; sourceTree = "<group>"; };
		9E19B24C2919D82900F8C4C7 /* Usage.md */ = {isa = PBXFileReference; lastKnownFileType = net.daringfireball.markdown; path = Usage.md; sourceTree = "<group>"; };
		9E2D4F4E2938389B00EF6619 /* test */ = {isa = PBXFileReference; explicitFileType = "compiled.mach-o.executable"; includeInIndex = 0; path = test; sourceTree = BUILT_PRODUCTS_DIR; };
		9E2D4F502938389B00EF6619 /* main.swift */ = {isa = PBXFileReference; lastKnownFileType = sourcecode.swift; path = main.swift; sourceTree = "<group>"; };
		9E2D4F5C293A9F2300EF6619 /* Rebind.swift */ = {isa = PBXFileReference; lastKnownFileType = sourcecode.swift; path = Rebind.swift; sourceTree = "<group>"; };
		9E381C3A293D1C87004D36B2 /* loader */ = {isa = PBXFileReference; explicitFileType = "compiled.mach-o.executable"; includeInIndex = 0; path = loader; sourceTree = BUILT_PRODUCTS_DIR; };
		9E381C3C293D1C88004D36B2 /* main.swift */ = {isa = PBXFileReference; lastKnownFileType = sourcecode.swift; path = main.swift; sourceTree = "<group>"; };
		9E48019029108EF0007E433F /* PAC.swift */ = {isa = PBXFileReference; lastKnownFileType = sourcecode.swift; path = PAC.swift; sourceTree = "<group>"; };
		9E48019829109B83007E433F /* Bits.swift */ = {isa = PBXFileReference; lastKnownFileType = sourcecode.swift; path = Bits.swift; sourceTree = "<group>"; };
		9E48019B2910A04E007E433F /* Objective-C.swift */ = {isa = PBXFileReference; lastKnownFileType = sourcecode.swift; path = "Objective-C.swift"; sourceTree = "<group>"; };
		9E48019E2911EB20007E433F /* Orig.swift */ = {isa = PBXFileReference; lastKnownFileType = sourcecode.swift; path = Orig.swift; sourceTree = "<group>"; };
		9E4801A92913E0F7007E433F /* Exception.swift */ = {isa = PBXFileReference; lastKnownFileType = sourcecode.swift; path = Exception.swift; sourceTree = "<group>"; };
		9E4801AC2913EB83007E433F /* Globals.swift */ = {isa = PBXFileReference; lastKnownFileType = sourcecode.swift; path = Globals.swift; sourceTree = "<group>"; };
		9E4801B329144B7A007E433F /* README.md */ = {isa = PBXFileReference; lastKnownFileType = net.daringfireball.markdown; path = README.md; sourceTree = "<group>"; };
		9E489EBE292978E400F81BBD /* Slide.swift */ = {isa = PBXFileReference; lastKnownFileType = sourcecode.swift; path = Slide.swift; sourceTree = "<group>"; };
		9E4DE2D6294FEF7200889C2A /* ptrauth.swift */ = {isa = PBXFileReference; lastKnownFileType = sourcecode.swift; path = ptrauth.swift; sourceTree = "<group>"; };
		9E698575290DFB5000408E14 /* Libhooker.swift */ = {isa = PBXFileReference; lastKnownFileType = sourcecode.swift; path = Libhooker.swift; sourceTree = "<group>"; };
		9E698578290EC91700408E14 /* Sizing.swift */ = {isa = PBXFileReference; lastKnownFileType = sourcecode.swift; path = Sizing.swift; sourceTree = "<group>"; };
		9E6EBF8F2960EA9000D0D186 /* Logger.swift */ = {isa = PBXFileReference; lastKnownFileType = sourcecode.swift; path = Logger.swift; sourceTree = "<group>"; };
		9E6EBF99296136A300D0D186 /* Load Commands.swift */ = {isa = PBXFileReference; lastKnownFileType = sourcecode.swift; path = "Load Commands.swift"; sourceTree = "<group>"; };
		9E6EBF9E29622F9B00D0D186 /* Mapping.swift */ = {isa = PBXFileReference; lastKnownFileType = sourcecode.swift; path = Mapping.swift; sourceTree = "<group>"; };
		9E6EBFA0296239B500D0D186 /* dyld.h */ = {isa = PBXFileReference; lastKnownFileType = sourcecode.c.h; path = dyld.h; sourceTree = "<group>"; };
		9E6FBB642955478A007B28FC /* handler.swift */ = {isa = PBXFileReference; lastKnownFileType = sourcecode.swift; path = handler.swift; sourceTree = "<group>"; };
		9E7750FD2947DE3000747209 /* pac.h */ = {isa = PBXFileReference; lastKnownFileType = sourcecode.c.h; path = pac.h; sourceTree = "<group>"; };
		9E7750FE2947DE3000747209 /* pac.c */ = {isa = PBXFileReference; lastKnownFileType = sourcecode.c.c; path = pac.c; sourceTree = "<group>"; };
		9E78FBF12916BDD500B3B50B /* trampoline.c */ = {isa = PBXFileReference; fileEncoding = 4; lastKnownFileType = sourcecode.c.c; path = trampoline.c; sourceTree = "<group>"; };
		9E78FBF22916BDD500B3B50B /* trampoline_arm64.S */ = {isa = PBXFileReference; fileEncoding = 4; lastKnownFileType = sourcecode.asm; path = trampoline_arm64.S; sourceTree = "<group>"; };
		9E78FBF32916BDD500B3B50B /* trampoline_x64.S */ = {isa = PBXFileReference; fileEncoding = 4; lastKnownFileType = sourcecode.asm; path = trampoline_x64.S; sourceTree = "<group>"; };
		9E7DE7E2295293B5008E8BB4 /* pspawn.dylib */ = {isa = PBXFileReference; explicitFileType = "compiled.mach-o.dylib"; includeInIndex = 0; path = pspawn.dylib; sourceTree = BUILT_PRODUCTS_DIR; };
		9E7DE7E7295293D1008E8BB4 /* launchd-Bridging-Header.h */ = {isa = PBXFileReference; lastKnownFileType = sourcecode.c.h; path = "launchd-Bridging-Header.h"; sourceTree = "<group>"; };
		9E7DE7E8295293D2008E8BB4 /* entry.swift */ = {isa = PBXFileReference; lastKnownFileType = sourcecode.swift; path = entry.swift; sourceTree = "<group>"; };
		9E7DE7EA295293E0008E8BB4 /* load.s */ = {isa = PBXFileReference; lastKnownFileType = sourcecode.asm; path = load.s; sourceTree = "<group>"; };
		9E7DE81029529688008E8BB4 /* Rebinds.swift */ = {isa = PBXFileReference; lastKnownFileType = sourcecode.swift; path = Rebinds.swift; sourceTree = "<group>"; };
		9E7DE812295296A9008E8BB4 /* Implementations.swift */ = {isa = PBXFileReference; lastKnownFileType = sourcecode.swift; path = Implementations.swift; sourceTree = "<group>"; };
		9E7DE81429529888008E8BB4 /* Tweak.swift */ = {isa = PBXFileReference; lastKnownFileType = sourcecode.swift; path = Tweak.swift; sourceTree = "<group>"; };
		9E82D897295383A5008A8F0A /* envp.swift */ = {isa = PBXFileReference; lastKnownFileType = sourcecode.swift; path = envp.swift; sourceTree = "<group>"; };
		9E92AA8A290D47540018604C /* General.swift */ = {isa = PBXFileReference; lastKnownFileType = sourcecode.swift; path = General.swift; sourceTree = "<group>"; };
		9E92AA96290D4A040018604C /* MobileSubstrate.swift */ = {isa = PBXFileReference; fileEncoding = 4; lastKnownFileType = sourcecode.swift; path = MobileSubstrate.swift; sourceTree = "<group>"; };
		9E92AA97290D4A040018604C /* Execute.swift */ = {isa = PBXFileReference; fileEncoding = 4; lastKnownFileType = sourcecode.swift; path = Execute.swift; sourceTree = "<group>"; };
		9E92AA98290D4A040018604C /* Register.swift */ = {isa = PBXFileReference; fileEncoding = 4; lastKnownFileType = sourcecode.swift; path = Register.swift; sourceTree = "<group>"; };
		9E92AA99290D4A040018604C /* Math.swift */ = {isa = PBXFileReference; fileEncoding = 4; lastKnownFileType = sourcecode.swift; path = Math.swift; sourceTree = "<group>"; };
		9E92AA9A290D4A040018604C /* Branches.swift */ = {isa = PBXFileReference; fileEncoding = 4; lastKnownFileType = sourcecode.swift; path = Branches.swift; sourceTree = "<group>"; };
		9E92AAA3290D4A1C0018604C /* Hook.swift */ = {isa = PBXFileReference; lastKnownFileType = sourcecode.swift; path = Hook.swift; sourceTree = "<group>"; };
		9E92AAA9290D4E680018604C /* libellekit.dylib */ = {isa = PBXFileReference; explicitFileType = "compiled.mach-o.dylib"; includeInIndex = 0; path = libellekit.dylib; sourceTree = BUILT_PRODUCTS_DIR; };
		9E96A5C2295924A4000EDC43 /* ptrauth-shim */ = {isa = PBXFileReference; explicitFileType = "compiled.mach-o.executable"; includeInIndex = 0; path = "ptrauth-shim"; sourceTree = BUILT_PRODUCTS_DIR; };
		9E96A5C4295924A4000EDC43 /* main.swift */ = {isa = PBXFileReference; lastKnownFileType = sourcecode.swift; path = main.swift; sourceTree = "<group>"; };
		9E96A5CA295A3548000EDC43 /* Symbols.swift */ = {isa = PBXFileReference; lastKnownFileType = sourcecode.swift; path = Symbols.swift; sourceTree = "<group>"; };
		9E96A603295BC0E3000EDC43 /* Image.swift */ = {isa = PBXFileReference; lastKnownFileType = sourcecode.swift; path = Image.swift; sourceTree = "<group>"; };
		9E9733582953D6FD0036F339 /* fishhook.c */ = {isa = PBXFileReference; fileEncoding = 4; lastKnownFileType = sourcecode.c.c; path = fishhook.c; sourceTree = "<group>"; };
		9E9733592953D6FD0036F339 /* fishhook.h */ = {isa = PBXFileReference; fileEncoding = 4; lastKnownFileType = sourcecode.c.h; path = fishhook.h; sourceTree = "<group>"; };
		9E9FA76B294BD98A00D18D18 /* taskforpid.xml */ = {isa = PBXFileReference; lastKnownFileType = text.xml; path = taskforpid.xml; sourceTree = "<group>"; };
		9EA0CC7C293AE89A0000E9AA /* Global.swift */ = {isa = PBXFileReference; lastKnownFileType = sourcecode.swift; path = Global.swift; sourceTree = "<group>"; };
		9EA0D1BA291C5D500061B187 /* libinjector.dylib */ = {isa = PBXFileReference; explicitFileType = "compiled.mach-o.dylib"; includeInIndex = 0; path = libinjector.dylib; sourceTree = BUILT_PRODUCTS_DIR; };
		9EA0D1C1291C5D7F0061B187 /* injector.swift */ = {isa = PBXFileReference; lastKnownFileType = sourcecode.swift; path = injector.swift; sourceTree = "<group>"; };
		9EA4989A29565D0B0099A3ED /* tweak.swift */ = {isa = PBXFileReference; lastKnownFileType = sourcecode.swift; path = tweak.swift; sourceTree = "<group>"; };
		9EA4989C29565D830099A3ED /* load.s */ = {isa = PBXFileReference; lastKnownFileType = sourcecode.asm; path = load.s; sourceTree = "<group>"; };
		9EA498A229565DC80099A3ED /* libsafemode-ui.dylib */ = {isa = PBXFileReference; explicitFileType = "compiled.mach-o.dylib"; includeInIndex = 0; path = "libsafemode-ui.dylib"; sourceTree = BUILT_PRODUCTS_DIR; };
		9ECE28DD292026B10038D993 /* load.s */ = {isa = PBXFileReference; lastKnownFileType = sourcecode.asm; path = load.s; sourceTree = "<group>"; };
		9ED080C929417AA900A81AF1 /* launchd.swift */ = {isa = PBXFileReference; lastKnownFileType = sourcecode.swift; path = launchd.swift; sourceTree = "<group>"; };
		9ED5277E29673BC9009319AA /* button.swift */ = {isa = PBXFileReference; lastKnownFileType = sourcecode.swift; path = button.swift; sourceTree = "<group>"; };
		9ED5278129673C0F009319AA /* IOKit.framework */ = {isa = PBXFileReference; lastKnownFileType = wrapper.framework; name = IOKit.framework; path = Platforms/MacOSX.platform/Developer/SDKs/MacOSX13.0.sdk/System/Library/Frameworks/IOKit.framework; sourceTree = DEVELOPER_DIR; };
/* End PBXFileReference section */

/* Begin PBXFrameworksBuildPhase section */
		9E2D4F4B2938389B00EF6619 /* Frameworks */ = {
			isa = PBXFrameworksBuildPhase;
			buildActionMask = 2147483647;
			files = (
				9E2D4F562938391C00EF6619 /* libellekit.dylib in Frameworks */,
			);
			runOnlyForDeploymentPostprocessing = 0;
		};
		9E381C37293D1C87004D36B2 /* Frameworks */ = {
			isa = PBXFrameworksBuildPhase;
			buildActionMask = 2147483647;
			files = (
			);
			runOnlyForDeploymentPostprocessing = 0;
		};
		9E96A5BF295924A4000EDC43 /* Frameworks */ = {
			isa = PBXFrameworksBuildPhase;
			buildActionMask = 2147483647;
			files = (
			);
			runOnlyForDeploymentPostprocessing = 0;
		};
		9EA0D1B8291C5D500061B187 /* Frameworks */ = {
			isa = PBXFrameworksBuildPhase;
			buildActionMask = 2147483647;
			files = (
			);
			runOnlyForDeploymentPostprocessing = 0;
		};
		9EA498A029565DC80099A3ED /* Frameworks */ = {
			isa = PBXFrameworksBuildPhase;
			buildActionMask = 2147483647;
			files = (
			);
			runOnlyForDeploymentPostprocessing = 0;
		};
		9ED5278029673C0A009319AA /* Frameworks */ = {
			isa = PBXFrameworksBuildPhase;
			buildActionMask = 2147483647;
			files = (
				9ED5278229673C0F009319AA /* IOKit.framework in Frameworks */,
			);
			runOnlyForDeploymentPostprocessing = 0;
		};
/* End PBXFrameworksBuildPhase section */

/* Begin PBXGroup section */
		9E19B23A291812EA00F8C4C7 /* ellekitc */ = {
			isa = PBXGroup;
			children = (
				9E19B240291814CB00F8C4C7 /* ellekitc.c */,
				9E19B23C2918139300F8C4C7 /* include */,
			);
			path = ellekitc;
			sourceTree = "<group>";
		};
		9E19B23C2918139300F8C4C7 /* include */ = {
			isa = PBXGroup;
			children = (
				9E19B2392918118300F8C4C7 /* ellekit.h */,
				9E6EBFA0296239B500D0D186 /* dyld.h */,
			);
			path = include;
			sourceTree = "<group>";
		};
		9E2D4F4F2938389B00EF6619 /* test */ = {
			isa = PBXGroup;
			children = (
				9E2D4F502938389B00EF6619 /* main.swift */,
			);
			path = test;
			sourceTree = "<group>";
		};
		9E2D4F552938391C00EF6619 /* Frameworks */ = {
			isa = PBXGroup;
			children = (
				9ED5278129673C0F009319AA /* IOKit.framework */,
				9E080FA4294AA5AC00EDC301 /* libes-injector.dylib */,
				9E080FA2294AA5A000EDC301 /* lib */,
			);
			name = Frameworks;
			sourceTree = "<group>";
		};
		9E381C3B293D1C88004D36B2 /* loader */ = {
			isa = PBXGroup;
			children = (
				9E9FA76B294BD98A00D18D18 /* taskforpid.xml */,
				9E381C3C293D1C88004D36B2 /* main.swift */,
				9ED080C929417AA900A81AF1 /* launchd.swift */,
				9E7750FD2947DE3000747209 /* pac.h */,
				9E7750FE2947DE3000747209 /* pac.c */,
			);
			path = loader;
			sourceTree = "<group>";
		};
		9E48018C290FE5C3007E433F /* PAC */ = {
			isa = PBXGroup;
			children = (
				9E48019029108EF0007E433F /* PAC.swift */,
			);
			path = PAC;
			sourceTree = "<group>";
		};
		9E48019329109739007E433F /* API */ = {
			isa = PBXGroup;
			children = (
				9E92AA96290D4A040018604C /* MobileSubstrate.swift */,
				9E698575290DFB5000408E14 /* Libhooker.swift */,
			);
			path = API;
			sourceTree = "<group>";
		};
		9E48019629109B61007E433F /* Assembler */ = {
			isa = PBXGroup;
			children = (
				9E92AA8A290D47540018604C /* General.swift */,
				9E92AA9A290D4A040018604C /* Branches.swift */,
				9E92AA97290D4A040018604C /* Execute.swift */,
				9E92AA99290D4A040018604C /* Math.swift */,
				9E4DE2D6294FEF7200889C2A /* ptrauth.swift */,
				9E2D4F5C293A9F2300EF6619 /* Rebind.swift */,
				9E92AA98290D4A040018604C /* Register.swift */,
			);
			path = Assembler;
			sourceTree = "<group>";
		};
		9E48019729109B77007E433F /* Misc */ = {
			isa = PBXGroup;
			children = (
				9E48019829109B83007E433F /* Bits.swift */,
			);
			path = Misc;
			sourceTree = "<group>";
		};
		9E4801A02911EB29007E433F /* C */ = {
			isa = PBXGroup;
			children = (
				9E92AAA3290D4A1C0018604C /* Hook.swift */,
				9E48019E2911EB20007E433F /* Orig.swift */,
				9E698578290EC91700408E14 /* Sizing.swift */,
				9E489EBE292978E400F81BBD /* Slide.swift */,
			);
			path = C;
			sourceTree = "<group>";
		};
		9E6EBF8E2960EA7E00D0D186 /* logger */ = {
			isa = PBXGroup;
			children = (
				9E6EBF8F2960EA9000D0D186 /* Logger.swift */,
			);
			path = logger;
			sourceTree = "<group>";
		};
		9E6EBF9D29622F9200D0D186 /* dyld */ = {
			isa = PBXGroup;
			children = (
				9E6EBF9E29622F9B00D0D186 /* Mapping.swift */,
			);
			path = dyld;
			sourceTree = "<group>";
		};
		9E6FBB5A29554734007B28FC /* safe mode ui */ = {
			isa = PBXGroup;
			children = (
				9EA4989A29565D0B0099A3ED /* tweak.swift */,
				9EA4989C29565D830099A3ED /* load.s */,
			);
			path = "safe mode ui";
			sourceTree = "<group>";
		};
		9E78FBE42916BD2B00B3B50B /* ExceptionHandler */ = {
			isa = PBXGroup;
			children = (
				9E4801A92913E0F7007E433F /* Exception.swift */,
			);
			path = ExceptionHandler;
			sourceTree = "<group>";
		};
		9E78FBE52916BD3700B3B50B /* Languages */ = {
			isa = PBXGroup;
			children = (
				9E48019B2910A04E007E433F /* Objective-C.swift */,
				9E4801A02911EB29007E433F /* C */,
			);
			path = Languages;
			sourceTree = "<group>";
		};
		9E78FBEB2916BDB900B3B50B /* trampoline */ = {
			isa = PBXGroup;
			children = (
				9E78FBF22916BDD500B3B50B /* trampoline_arm64.S */,
				9E78FBF32916BDD500B3B50B /* trampoline_x64.S */,
				9E78FBF12916BDD500B3B50B /* trampoline.c */,
			);
			path = trampoline;
			sourceTree = "<group>";
		};
		9E7DE7E6295293BB008E8BB4 /* launchd */ = {
			isa = PBXGroup;
			children = (
				9E9733572953D6DA0036F339 /* fishhook */,
				9EA498AE2956700B0099A3ED /* safe mode */,
				9E7DE7E8295293D2008E8BB4 /* entry.swift */,
				9ED5277E29673BC9009319AA /* button.swift */,
				9E82D897295383A5008A8F0A /* envp.swift */,
				9E7DE812295296A9008E8BB4 /* Implementations.swift */,
				9E7DE81029529688008E8BB4 /* Rebinds.swift */,
				9E7DE81429529888008E8BB4 /* Tweak.swift */,
				9E7DE7E7295293D1008E8BB4 /* launchd-Bridging-Header.h */,
				9E7DE7EA295293E0008E8BB4 /* load.s */,
			);
			path = launchd;
			sourceTree = "<group>";
		};
		9E92AA7E290D47540018604C = {
			isa = PBXGroup;
			children = (
				9E4801B329144B7A007E433F /* README.md */,
				9E19B24C2919D82900F8C4C7 /* Usage.md */,
				9E19B22D2918011800F8C4C7 /* Package.swift */,
				9E6EBF8E2960EA7E00D0D186 /* logger */,
				9E92AA89290D47540018604C /* ellekit */,
				9E19B23A291812EA00F8C4C7 /* ellekitc */,
				9E381C3B293D1C88004D36B2 /* loader */,
				9E7DE7E6295293BB008E8BB4 /* launchd */,
				9EA0D1BE291C5D5B0061B187 /* injector */,
				9E78FBEB2916BDB900B3B50B /* trampoline */,
				9E2D4F4F2938389B00EF6619 /* test */,
				9E6FBB5A29554734007B28FC /* safe mode ui */,
				9E96A5C3295924A4000EDC43 /* ptrauth shim */,
				9E92AA88290D47540018604C /* Products */,
				9E2D4F552938391C00EF6619 /* Frameworks */,
			);
			sourceTree = "<group>";
		};
		9E92AA88290D47540018604C /* Products */ = {
			isa = PBXGroup;
			children = (
				9E92AAA9290D4E680018604C /* libellekit.dylib */,
				9EA0D1BA291C5D500061B187 /* libinjector.dylib */,
				9E2D4F4E2938389B00EF6619 /* test */,
				9E381C3A293D1C87004D36B2 /* loader */,
				9E7DE7E2295293B5008E8BB4 /* pspawn.dylib */,
				9EA498A229565DC80099A3ED /* libsafemode-ui.dylib */,
				9E96A5C2295924A4000EDC43 /* ptrauth-shim */,
			);
			name = Products;
			sourceTree = "<group>";
		};
		9E92AA89290D47540018604C /* ellekit */ = {
			isa = PBXGroup;
			children = (
				9E4801AC2913EB83007E433F /* Globals.swift */,
				9E48019629109B61007E433F /* Assembler */,
				9E48019329109739007E433F /* API */,
				9E78FBE52916BD3700B3B50B /* Languages */,
				9E96A5C9295A352F000EDC43 /* Mach-O */,
				9E6EBF9D29622F9200D0D186 /* dyld */,
				9E78FBE42916BD2B00B3B50B /* ExceptionHandler */,
				9E48019729109B77007E433F /* Misc */,
				9EA0CC7B293AE8880000E9AA /* Threading */,
				9E48018C290FE5C3007E433F /* PAC */,
			);
			path = ellekit;
			sourceTree = "<group>";
		};
		9E96A5C3295924A4000EDC43 /* ptrauth shim */ = {
			isa = PBXGroup;
			children = (
				9E96A5C4295924A4000EDC43 /* main.swift */,
			);
			path = "ptrauth shim";
			sourceTree = "<group>";
		};
		9E96A5C9295A352F000EDC43 /* Mach-O */ = {
			isa = PBXGroup;
			children = (
				9E96A603295BC0E3000EDC43 /* Image.swift */,
				9E96A5CA295A3548000EDC43 /* Symbols.swift */,
				9E6EBF99296136A300D0D186 /* Load Commands.swift */,
			);
			path = "Mach-O";
			sourceTree = "<group>";
		};
		9E9733572953D6DA0036F339 /* fishhook */ = {
			isa = PBXGroup;
			children = (
				9E9733582953D6FD0036F339 /* fishhook.c */,
				9E9733592953D6FD0036F339 /* fishhook.h */,
			);
			path = fishhook;
			sourceTree = "<group>";
		};
		9EA0CC7B293AE8880000E9AA /* Threading */ = {
			isa = PBXGroup;
			children = (
				9EA0CC7C293AE89A0000E9AA /* Global.swift */,
			);
			path = Threading;
			sourceTree = "<group>";
		};
		9EA0D1BE291C5D5B0061B187 /* injector */ = {
			isa = PBXGroup;
			children = (
				9EA0D1C1291C5D7F0061B187 /* injector.swift */,
				9ECE28DD292026B10038D993 /* load.s */,
			);
			path = injector;
			sourceTree = "<group>";
		};
		9EA498AE2956700B0099A3ED /* safe mode */ = {
			isa = PBXGroup;
			children = (
				9E6FBB642955478A007B28FC /* handler.swift */,
			);
			path = "safe mode";
			sourceTree = "<group>";
		};
/* End PBXGroup section */

/* Begin PBXHeadersBuildPhase section */
		9E7DE7DE295293B5008E8BB4 /* Headers */ = {
			isa = PBXHeadersBuildPhase;
			buildActionMask = 2147483647;
			files = (
				9E7DE80B29529436008E8BB4 /* ellekit.h in Headers */,
				9E97335B2953D6FD0036F339 /* fishhook.h in Headers */,
			);
			runOnlyForDeploymentPostprocessing = 0;
		};
		9E92AAA5290D4E680018604C /* Headers */ = {
			isa = PBXHeadersBuildPhase;
			buildActionMask = 2147483647;
			files = (
			);
			runOnlyForDeploymentPostprocessing = 0;
		};
		9EA0D1B6291C5D500061B187 /* Headers */ = {
			isa = PBXHeadersBuildPhase;
			buildActionMask = 2147483647;
			files = (
			);
			runOnlyForDeploymentPostprocessing = 0;
		};
		9EA4989E29565DC80099A3ED /* Headers */ = {
			isa = PBXHeadersBuildPhase;
			buildActionMask = 2147483647;
			files = (
			);
			runOnlyForDeploymentPostprocessing = 0;
		};
/* End PBXHeadersBuildPhase section */

/* Begin PBXNativeTarget section */
		9E2D4F4D2938389B00EF6619 /* test */ = {
			isa = PBXNativeTarget;
			buildConfigurationList = 9E2D4F542938389B00EF6619 /* Build configuration list for PBXNativeTarget "test" */;
			buildPhases = (
				9E2D4F4A2938389B00EF6619 /* Sources */,
				9E2D4F4B2938389B00EF6619 /* Frameworks */,
				9E2D4F4C2938389B00EF6619 /* CopyFiles */,
				9E2D4F5A2938391D00EF6619 /* Embed Libraries */,
			);
			buildRules = (
			);
			dependencies = (
				9E2D4F592938391C00EF6619 /* PBXTargetDependency */,
			);
			name = test;
			productName = test;
			productReference = 9E2D4F4E2938389B00EF6619 /* test */;
			productType = "com.apple.product-type.tool";
		};
		9E381C39293D1C87004D36B2 /* loader */ = {
			isa = PBXNativeTarget;
			buildConfigurationList = 9E381C40293D1C88004D36B2 /* Build configuration list for PBXNativeTarget "loader" */;
			buildPhases = (
				9E381C36293D1C87004D36B2 /* Sources */,
				9E381C37293D1C87004D36B2 /* Frameworks */,
				9E381C38293D1C87004D36B2 /* CopyFiles */,
			);
			buildRules = (
			);
			dependencies = (
			);
			name = loader;
			productName = loader;
			productReference = 9E381C3A293D1C87004D36B2 /* loader */;
			productType = "com.apple.product-type.tool";
		};
		9E7DE7E1295293B5008E8BB4 /* launchd */ = {
			isa = PBXNativeTarget;
			buildConfigurationList = 9E7DE7E3295293B5008E8BB4 /* Build configuration list for PBXNativeTarget "launchd" */;
			buildPhases = (
				9E7DE7DE295293B5008E8BB4 /* Headers */,
				9E7DE7DF295293B5008E8BB4 /* Sources */,
				9ED5278029673C0A009319AA /* Frameworks */,
			);
			buildRules = (
			);
			dependencies = (
			);
			name = launchd;
			productName = launchd;
			productReference = 9E7DE7E2295293B5008E8BB4 /* pspawn.dylib */;
			productType = "com.apple.product-type.library.dynamic";
		};
		9E92AAA8290D4E680018604C /* ellekit */ = {
			isa = PBXNativeTarget;
			buildConfigurationList = 9E92AAAA290D4E680018604C /* Build configuration list for PBXNativeTarget "ellekit" */;
			buildPhases = (
				9E92AAA5290D4E680018604C /* Headers */,
				9E92AAA6290D4E680018604C /* Sources */,
			);
			buildRules = (
			);
			dependencies = (
			);
			name = ellekit;
			packageProductDependencies = (
			);
			productName = "ellekit-mac";
			productReference = 9E92AAA9290D4E680018604C /* libellekit.dylib */;
			productType = "com.apple.product-type.library.dynamic";
		};
		9E96A5C1295924A4000EDC43 /* ptrauth-shim */ = {
			isa = PBXNativeTarget;
			buildConfigurationList = 9E96A5C6295924A4000EDC43 /* Build configuration list for PBXNativeTarget "ptrauth-shim" */;
			buildPhases = (
				9E96A5BE295924A4000EDC43 /* Sources */,
				9E96A5BF295924A4000EDC43 /* Frameworks */,
				9E96A5C0295924A4000EDC43 /* CopyFiles */,
			);
			buildRules = (
			);
			dependencies = (
			);
			name = "ptrauth-shim";
			productName = "ptrauth-shim";
			productReference = 9E96A5C2295924A4000EDC43 /* ptrauth-shim */;
			productType = "com.apple.product-type.tool";
		};
		9EA0D1B9291C5D500061B187 /* injector */ = {
			isa = PBXNativeTarget;
			buildConfigurationList = 9EA0D1BD291C5D500061B187 /* Build configuration list for PBXNativeTarget "injector" */;
			buildPhases = (
				9EA0D1B6291C5D500061B187 /* Headers */,
				9EA0D1B7291C5D500061B187 /* Sources */,
				9EA0D1B8291C5D500061B187 /* Frameworks */,
			);
			buildRules = (
			);
			dependencies = (
			);
			name = injector;
			productName = injector;
			productReference = 9EA0D1BA291C5D500061B187 /* libinjector.dylib */;
			productType = "com.apple.product-type.library.dynamic";
		};
		9EA498A129565DC80099A3ED /* safemode-ui */ = {
			isa = PBXNativeTarget;
			buildConfigurationList = 9EA498A329565DC80099A3ED /* Build configuration list for PBXNativeTarget "safemode-ui" */;
			buildPhases = (
				9EA4989E29565DC80099A3ED /* Headers */,
				9EA4989F29565DC80099A3ED /* Sources */,
				9EA498A029565DC80099A3ED /* Frameworks */,
			);
			buildRules = (
			);
			dependencies = (
			);
			name = "safemode-ui";
			productName = "safemode-ui";
			productReference = 9EA498A229565DC80099A3ED /* libsafemode-ui.dylib */;
			productType = "com.apple.product-type.library.dynamic";
		};
/* End PBXNativeTarget section */

/* Begin PBXProject section */
		9E92AA7F290D47540018604C /* Project object */ = {
			isa = PBXProject;
			attributes = {
				BuildIndependentTargetsInParallel = 1;
				LastSwiftUpdateCheck = 1410;
				LastUpgradeCheck = 1410;
				TargetAttributes = {
					9E2D4F4D2938389B00EF6619 = {
						CreatedOnToolsVersion = 14.1;
					};
					9E381C39293D1C87004D36B2 = {
						CreatedOnToolsVersion = 14.1;
					};
					9E7DE7E1295293B5008E8BB4 = {
						CreatedOnToolsVersion = 14.1;
						LastSwiftMigration = 1410;
					};
					9E92AAA8290D4E680018604C = {
						CreatedOnToolsVersion = 14.1;
					};
					9E96A5C1295924A4000EDC43 = {
						CreatedOnToolsVersion = 14.1;
					};
					9EA0D1B9291C5D500061B187 = {
						CreatedOnToolsVersion = 14.1;
						LastSwiftMigration = 1410;
					};
					9EA498A129565DC80099A3ED = {
						CreatedOnToolsVersion = 14.1;
					};
				};
			};
			buildConfigurationList = 9E92AA82290D47540018604C /* Build configuration list for PBXProject "ellekit" */;
			compatibilityVersion = "Xcode 14.0";
			developmentRegion = en;
			hasScannedForEncodings = 0;
			knownRegions = (
				en,
				Base,
			);
			mainGroup = 9E92AA7E290D47540018604C;
			productRefGroup = 9E92AA88290D47540018604C /* Products */;
			projectDirPath = "";
			projectRoot = "";
			targets = (
				9E92AAA8290D4E680018604C /* ellekit */,
				9EA0D1B9291C5D500061B187 /* injector */,
				9E2D4F4D2938389B00EF6619 /* test */,
				9E381C39293D1C87004D36B2 /* loader */,
				9E7DE7E1295293B5008E8BB4 /* launchd */,
				9EA498A129565DC80099A3ED /* safemode-ui */,
				9E96A5C1295924A4000EDC43 /* ptrauth-shim */,
			);
		};
/* End PBXProject section */

/* Begin PBXSourcesBuildPhase section */
		9E2D4F4A2938389B00EF6619 /* Sources */ = {
			isa = PBXSourcesBuildPhase;
			buildActionMask = 2147483647;
			files = (
				9E2D4F512938389B00EF6619 /* main.swift in Sources */,
			);
			runOnlyForDeploymentPostprocessing = 0;
		};
		9E381C36293D1C87004D36B2 /* Sources */ = {
			isa = PBXSourcesBuildPhase;
			buildActionMask = 2147483647;
			files = (
				9E7750FF2947DE3000747209 /* pac.c in Sources */,
				9E823CF72942CFCF0037659B /* Bits.swift in Sources */,
				9E4DE2D9294FF19200889C2A /* ptrauth.swift in Sources */,
				9E6403C4293D353400142198 /* main.swift in Sources */,
				9ED080CA29417AA900A81AF1 /* launchd.swift in Sources */,
				9E75EF7929492C5800C7AFEC /* PAC.swift in Sources */,
				9E823CF62942CFC80037659B /* Register.swift in Sources */,
				9E823CF52942CFC80037659B /* Execute.swift in Sources */,
				9E823CF42942CFC80037659B /* Math.swift in Sources */,
				9E823CF32942CFC80037659B /* Branches.swift in Sources */,
				9E823CF12942CFC80037659B /* Rebind.swift in Sources */,
				9E6EBF952960F8A200D0D186 /* Logger.swift in Sources */,
				9E823CF22942CFC80037659B /* General.swift in Sources */,
				9E823CF82942CFF40037659B /* Sizing.swift in Sources */,
			);
			runOnlyForDeploymentPostprocessing = 0;
		};
		9E7DE7DF295293B5008E8BB4 /* Sources */ = {
			isa = PBXSourcesBuildPhase;
			buildActionMask = 2147483647;
			files = (
				9E7DE7E9295293D2008E8BB4 /* entry.swift in Sources */,
				9E70D387295FCA5B00B284F6 /* Register.swift in Sources */,
				9ED5277F29673BC9009319AA /* button.swift in Sources */,
				9E70D393295FCA5B00B284F6 /* Hook.swift in Sources */,
				9E7DE81529529888008E8BB4 /* Tweak.swift in Sources */,
				9E70D395295FCA5B00B284F6 /* Rebind.swift in Sources */,
				9E70D388295FCA5B00B284F6 /* Slide.swift in Sources */,
				9E70D396295FCA5B00B284F6 /* Orig.swift in Sources */,
				9E6FBB352953F0F3007B28FC /* Rebinds.swift in Sources */,
				9E7DE7EB295293E0008E8BB4 /* load.s in Sources */,
				9E6EBF942960EB2600D0D186 /* Logger.swift in Sources */,
				9E70D38D295FCA5B00B284F6 /* ptrauth.swift in Sources */,
				9E70D394295FCA5B00B284F6 /* Global.swift in Sources */,
				9E70D392295FCA5B00B284F6 /* Bits.swift in Sources */,
				9E82D898295383A5008A8F0A /* envp.swift in Sources */,
				9E7DE813295296A9008E8BB4 /* Implementations.swift in Sources */,
				9E70D38E295FCA5B00B284F6 /* Execute.swift in Sources */,
				9E70D38B295FCA5B00B284F6 /* Globals.swift in Sources */,
				9E70D390295FCA5B00B284F6 /* Sizing.swift in Sources */,
				9E70D38C295FCA5B00B284F6 /* Exception.swift in Sources */,
				9E70D389295FCA5B00B284F6 /* PAC.swift in Sources */,
				9E70D38A295FCA5B00B284F6 /* Branches.swift in Sources */,
				9E7DE80A29529436008E8BB4 /* ellekitc.c in Sources */,
				9E70D391295FCA5B00B284F6 /* Math.swift in Sources */,
				9EC2B2DF296B8CAE0079379D /* Load Commands.swift in Sources */,
				9E97335A2953D6FD0036F339 /* fishhook.c in Sources */,
				9E6EBF982960FB5100D0D186 /* handler.swift in Sources */,
				9E70D38F295FCA5B00B284F6 /* General.swift in Sources */,
			);
			runOnlyForDeploymentPostprocessing = 0;
		};
		9E92AAA6290D4E680018604C /* Sources */ = {
			isa = PBXSourcesBuildPhase;
			buildActionMask = 2147483647;
			files = (
				9E2D4F5E293A9F6200EF6619 /* Rebind.swift in Sources */,
				9E4801AE2913ED56007E433F /* Globals.swift in Sources */,
				9E92AAAD290D4E7A0018604C /* MobileSubstrate.swift in Sources */,
				9E92AAB3290D4E7A0018604C /* Execute.swift in Sources */,
				9EA0CC7E293AEA550000E9AA /* Global.swift in Sources */,
				9E92AAB4290D4E7A0018604C /* General.swift in Sources */,
				9E92AAAF290D4E7A0018604C /* Hook.swift in Sources */,
				9E480192291090A3007E433F /* PAC.swift in Sources */,
				9E6EBF9A296136A300D0D186 /* Load Commands.swift in Sources */,
				9E6EBF9F29622F9B00D0D186 /* Mapping.swift in Sources */,
				9E4801A12911EB37007E433F /* Orig.swift in Sources */,
				9E6EBF902960EA9000D0D186 /* Logger.swift in Sources */,
				9E96A604295BC0E3000EDC43 /* Image.swift in Sources */,
				9E92AAB5290D4E7A0018604C /* Branches.swift in Sources */,
				9E489EC02929793D00F81BBD /* Slide.swift in Sources */,
				9E19B24629183A5600F8C4C7 /* ellekitc.c in Sources */,
				9E698577290E015E00408E14 /* Libhooker.swift in Sources */,
				9E96A5CB295A3548000EDC43 /* Symbols.swift in Sources */,
				9E92AAB0290D4E7A0018604C /* Math.swift in Sources */,
				9E92AAB1290D4E7A0018604C /* Register.swift in Sources */,
				9E4801AB2913E2E9007E433F /* Exception.swift in Sources */,
				9E4DE2D8294FF0D500889C2A /* ptrauth.swift in Sources */,
				9E69857A290ECAE500408E14 /* Sizing.swift in Sources */,
				9E48019D2910A076007E433F /* Objective-C.swift in Sources */,
				9E48019A29109B96007E433F /* Bits.swift in Sources */,
			);
			runOnlyForDeploymentPostprocessing = 0;
		};
		9E96A5BE295924A4000EDC43 /* Sources */ = {
			isa = PBXSourcesBuildPhase;
			buildActionMask = 2147483647;
			files = (
				9E96A5C5295924A4000EDC43 /* main.swift in Sources */,
			);
			runOnlyForDeploymentPostprocessing = 0;
		};
		9EA0D1B7291C5D500061B187 /* Sources */ = {
			isa = PBXSourcesBuildPhase;
			buildActionMask = 2147483647;
			files = (
				9EA0D1C2291C5D7F0061B187 /* injector.swift in Sources */,
				9E6EBF922960EAF000D0D186 /* Logger.swift in Sources */,
				9ECE28DE292026B10038D993 /* load.s in Sources */,
			);
			runOnlyForDeploymentPostprocessing = 0;
		};
		9EA4989F29565DC80099A3ED /* Sources */ = {
			isa = PBXSourcesBuildPhase;
			buildActionMask = 2147483647;
			files = (
				9EA498AC295663240099A3ED /* PAC.swift in Sources */,
				9E6EBF932960EAF300D0D186 /* Logger.swift in Sources */,
				9EA498A829565DD00099A3ED /* tweak.swift in Sources */,
				9EA498A729565DD00099A3ED /* load.s in Sources */,
				9EA498AD2956633A0099A3ED /* ellekitc.c in Sources */,
				9EA498AA295662F10099A3ED /* Objective-C.swift in Sources */,
			);
			runOnlyForDeploymentPostprocessing = 0;
		};
/* End PBXSourcesBuildPhase section */

/* Begin PBXTargetDependency section */
		9E2D4F592938391C00EF6619 /* PBXTargetDependency */ = {
			isa = PBXTargetDependency;
			target = 9E92AAA8290D4E680018604C /* ellekit */;
			targetProxy = 9E2D4F582938391C00EF6619 /* PBXContainerItemProxy */;
		};
/* End PBXTargetDependency section */

/* Begin XCBuildConfiguration section */
		9E2D4F522938389B00EF6619 /* Debug */ = {
			isa = XCBuildConfiguration;
			buildSettings = {
				ARCHS = arm64;
				CODE_SIGN_ENTITLEMENTS = "";
				CODE_SIGN_INJECT_BASE_ENTITLEMENTS = NO;
				CODE_SIGN_STYLE = Automatic;
				DEVELOPMENT_TEAM = VF46MYDSGH;
				ENABLE_HARDENED_RUNTIME = NO;
				GCC_INCREASE_PRECOMPILED_HEADER_SHARING = YES;
				MACOSX_DEPLOYMENT_TARGET = 13.0;
				PRODUCT_NAME = "$(TARGET_NAME)";
				SDKROOT = macosx;
				SWIFT_VERSION = 5.0;
			};
			name = Debug;
		};
		9E2D4F532938389B00EF6619 /* Release */ = {
			isa = XCBuildConfiguration;
			buildSettings = {
				ARCHS = arm64;
				CODE_SIGN_ENTITLEMENTS = "";
				CODE_SIGN_INJECT_BASE_ENTITLEMENTS = NO;
				CODE_SIGN_STYLE = Automatic;
				DEVELOPMENT_TEAM = VF46MYDSGH;
				ENABLE_HARDENED_RUNTIME = NO;
				GCC_INCREASE_PRECOMPILED_HEADER_SHARING = YES;
				MACOSX_DEPLOYMENT_TARGET = 13.0;
				PRODUCT_NAME = "$(TARGET_NAME)";
				SDKROOT = macosx;
				SWIFT_VERSION = 5.0;
			};
			name = Release;
		};
		9E381C3E293D1C88004D36B2 /* Debug */ = {
			isa = XCBuildConfiguration;
			buildSettings = {
				ALLOW_TARGET_PLATFORM_SPECIALIZATION = YES;
				ARCHS = (
					arm64e,
					arm64,
				);
				CODE_SIGN_ENTITLEMENTS = "";
				CODE_SIGN_IDENTITY = "Apple Development";
				"CODE_SIGN_IDENTITY[sdk=macosx*]" = "-";
				CODE_SIGN_INJECT_BASE_ENTITLEMENTS = NO;
				CODE_SIGN_STYLE = Automatic;
				DEVELOPMENT_TEAM = VF46MYDSGH;
				ENABLE_HARDENED_RUNTIME = NO;
				GCC_INCREASE_PRECOMPILED_HEADER_SHARING = YES;
				GCC_OPTIMIZATION_LEVEL = 0;
				INFOPLIST_FILE = loader/Info.plist;
				MACOSX_DEPLOYMENT_TARGET = 10.13;
				ONLY_ACTIVE_ARCH = NO;
				OTHER_SWIFT_FLAGS = "-D ROOTLESS";
				PRODUCT_BUNDLE_IDENTIFIER = loader;
				PRODUCT_NAME = "$(TARGET_NAME)";
				SDKROOT = iphoneos;
				SUPPORTED_PLATFORMS = "watchsimulator watchos macosx iphonesimulator iphoneos driverkit appletvsimulator appletvos";
				SUPPORTS_MACCATALYST = YES;
				SWIFT_OBJC_BRIDGING_HEADER = loader/pac.h;
				SWIFT_OPTIMIZATION_LEVEL = "-Onone";
				SWIFT_VERSION = 5.0;
			};
			name = Debug;
		};
		9E381C3F293D1C88004D36B2 /* Release */ = {
			isa = XCBuildConfiguration;
			buildSettings = {
				ALLOW_TARGET_PLATFORM_SPECIALIZATION = YES;
				ARCHS = (
					arm64e,
					arm64,
				);
				CODE_SIGN_ENTITLEMENTS = "";
				CODE_SIGN_IDENTITY = "Apple Development";
				"CODE_SIGN_IDENTITY[sdk=macosx*]" = "-";
				CODE_SIGN_INJECT_BASE_ENTITLEMENTS = NO;
				CODE_SIGN_STYLE = Automatic;
				DEVELOPMENT_TEAM = VF46MYDSGH;
				ENABLE_HARDENED_RUNTIME = NO;
				GCC_INCREASE_PRECOMPILED_HEADER_SHARING = YES;
				GCC_OPTIMIZATION_LEVEL = 0;
				INFOPLIST_FILE = loader/Info.plist;
				MACOSX_DEPLOYMENT_TARGET = 10.13;
				ONLY_ACTIVE_ARCH = NO;
				OTHER_SWIFT_FLAGS = "-D ROOTLESS";
				PRODUCT_BUNDLE_IDENTIFIER = loader;
				PRODUCT_NAME = "$(TARGET_NAME)";
				SDKROOT = iphoneos;
				SUPPORTED_PLATFORMS = "watchsimulator watchos macosx iphonesimulator iphoneos driverkit appletvsimulator appletvos";
				SUPPORTS_MACCATALYST = YES;
				SWIFT_OBJC_BRIDGING_HEADER = loader/pac.h;
				SWIFT_OPTIMIZATION_LEVEL = "-Onone";
				SWIFT_VERSION = 5.0;
			};
			name = Release;
		};
		9E7DE7E4295293B5008E8BB4 /* Debug */ = {
			isa = XCBuildConfiguration;
			buildSettings = {
				ALLOW_TARGET_PLATFORM_SPECIALIZATION = YES;
				ARCHS = (
					arm64e,
					arm64,
				);
				CLANG_ENABLE_MODULES = YES;
				CODE_SIGN_IDENTITY = "Apple Development";
				CODE_SIGN_INJECT_BASE_ENTITLEMENTS = NO;
				CODE_SIGN_STYLE = Automatic;
				DEVELOPMENT_TEAM = VF46MYDSGH;
				DYLIB_COMPATIBILITY_VERSION = 1;
				DYLIB_CURRENT_VERSION = 1;
				EXECUTABLE_PREFIX = "";
				IPHONEOS_DEPLOYMENT_TARGET = 11.0;
				LD_RUNPATH_SEARCH_PATHS = (
					"$(inherited)",
					"@executable_path/../Frameworks",
					"@loader_path/../Frameworks",
				);
				MACOSX_DEPLOYMENT_TARGET = 13.0;
				ONLY_ACTIVE_ARCH = NO;
				OTHER_SWIFT_FLAGS = "";
				PRODUCT_NAME = pspawn;
				SDKROOT = macosx;
				SKIP_INSTALL = YES;
				SUPPORTED_PLATFORMS = "watchsimulator watchos macosx iphonesimulator iphoneos driverkit appletvsimulator appletvos";
				SUPPORTS_MACCATALYST = YES;
				SWIFT_OBJC_BRIDGING_HEADER = "launchd/launchd-Bridging-Header.h";
				SWIFT_OPTIMIZATION_LEVEL = "-Onone";
				SWIFT_VERSION = 5.0;
			};
			name = Debug;
		};
		9E7DE7E5295293B5008E8BB4 /* Release */ = {
			isa = XCBuildConfiguration;
			buildSettings = {
				ALLOW_TARGET_PLATFORM_SPECIALIZATION = YES;
				ARCHS = (
					arm64e,
					arm64,
				);
				CLANG_ENABLE_MODULES = YES;
				CODE_SIGN_IDENTITY = "Apple Development";
				CODE_SIGN_INJECT_BASE_ENTITLEMENTS = NO;
				CODE_SIGN_STYLE = Automatic;
				DEVELOPMENT_TEAM = VF46MYDSGH;
				DYLIB_COMPATIBILITY_VERSION = 1;
				DYLIB_CURRENT_VERSION = 1;
				EXECUTABLE_PREFIX = "";
				GCC_OPTIMIZATION_LEVEL = 0;
				IPHONEOS_DEPLOYMENT_TARGET = 11.0;
				LD_RUNPATH_SEARCH_PATHS = (
					"$(inherited)",
					"@executable_path/../Frameworks",
					"@loader_path/../Frameworks",
				);
				MACOSX_DEPLOYMENT_TARGET = 13.0;
				ONLY_ACTIVE_ARCH = NO;
				OTHER_SWIFT_FLAGS = "";
				PRODUCT_NAME = pspawn;
				SDKROOT = macosx;
				SKIP_INSTALL = YES;
				SUPPORTED_PLATFORMS = "watchsimulator watchos macosx iphonesimulator iphoneos driverkit appletvsimulator appletvos";
				SUPPORTS_MACCATALYST = YES;
				SWIFT_OBJC_BRIDGING_HEADER = "launchd/launchd-Bridging-Header.h";
				SWIFT_OPTIMIZATION_LEVEL = "-Onone";
				SWIFT_VERSION = 5.0;
			};
			name = Release;
		};
		9E92AA8C290D47540018604C /* Debug */ = {
			isa = XCBuildConfiguration;
			buildSettings = {
				ALWAYS_SEARCH_USER_PATHS = NO;
				CLANG_ANALYZER_NONNULL = YES;
				CLANG_ANALYZER_NUMBER_OBJECT_CONVERSION = YES_AGGRESSIVE;
				CLANG_CXX_LANGUAGE_STANDARD = "gnu++20";
				CLANG_ENABLE_MODULES = YES;
				CLANG_ENABLE_OBJC_ARC = YES;
				CLANG_ENABLE_OBJC_WEAK = YES;
				CLANG_WARN_BLOCK_CAPTURE_AUTORELEASING = YES;
				CLANG_WARN_BOOL_CONVERSION = YES;
				CLANG_WARN_COMMA = YES;
				CLANG_WARN_CONSTANT_CONVERSION = YES;
				CLANG_WARN_DEPRECATED_OBJC_IMPLEMENTATIONS = YES;
				CLANG_WARN_DIRECT_OBJC_ISA_USAGE = YES_ERROR;
				CLANG_WARN_DOCUMENTATION_COMMENTS = YES;
				CLANG_WARN_EMPTY_BODY = YES;
				CLANG_WARN_ENUM_CONVERSION = YES;
				CLANG_WARN_INFINITE_RECURSION = YES;
				CLANG_WARN_INT_CONVERSION = YES;
				CLANG_WARN_NON_LITERAL_NULL_CONVERSION = YES;
				CLANG_WARN_OBJC_IMPLICIT_RETAIN_SELF = YES;
				CLANG_WARN_OBJC_LITERAL_CONVERSION = YES;
				CLANG_WARN_OBJC_ROOT_CLASS = YES_ERROR;
				CLANG_WARN_QUOTED_INCLUDE_IN_FRAMEWORK_HEADER = YES;
				CLANG_WARN_RANGE_LOOP_ANALYSIS = YES;
				CLANG_WARN_STRICT_PROTOTYPES = YES;
				CLANG_WARN_SUSPICIOUS_MOVE = YES;
				CLANG_WARN_UNGUARDED_AVAILABILITY = YES_AGGRESSIVE;
				CLANG_WARN_UNREACHABLE_CODE = YES;
				CLANG_WARN__DUPLICATE_METHOD_MATCH = YES;
				COPY_PHASE_STRIP = NO;
				DEBUG_INFORMATION_FORMAT = dwarf;
				ENABLE_STRICT_OBJC_MSGSEND = YES;
				ENABLE_TESTABILITY = YES;
				GCC_C_LANGUAGE_STANDARD = gnu11;
				GCC_DYNAMIC_NO_PIC = NO;
				GCC_NO_COMMON_BLOCKS = YES;
				GCC_OPTIMIZATION_LEVEL = 0;
				GCC_PREPROCESSOR_DEFINITIONS = (
					"DEBUG=1",
					"$(inherited)",
				);
				GCC_WARN_64_TO_32_BIT_CONVERSION = YES;
				GCC_WARN_ABOUT_RETURN_TYPE = YES_ERROR;
				GCC_WARN_UNDECLARED_SELECTOR = YES;
				GCC_WARN_UNINITIALIZED_AUTOS = YES_AGGRESSIVE;
				GCC_WARN_UNUSED_FUNCTION = YES;
				GCC_WARN_UNUSED_VARIABLE = YES;
				IPHONEOS_DEPLOYMENT_TARGET = 11.0;
				MACOSX_DEPLOYMENT_TARGET = 10.13;
				MTL_ENABLE_DEBUG_INFO = INCLUDE_SOURCE;
				MTL_FAST_MATH = YES;
				ONLY_ACTIVE_ARCH = YES;
				SDKROOT = iphoneos;
				SWIFT_ACTIVE_COMPILATION_CONDITIONS = DEBUG;
				SWIFT_OPTIMIZATION_LEVEL = "-Onone";
			};
			name = Debug;
		};
		9E92AA8D290D47540018604C /* Release */ = {
			isa = XCBuildConfiguration;
			buildSettings = {
				ALWAYS_SEARCH_USER_PATHS = NO;
				CLANG_ANALYZER_NONNULL = YES;
				CLANG_ANALYZER_NUMBER_OBJECT_CONVERSION = YES_AGGRESSIVE;
				CLANG_CXX_LANGUAGE_STANDARD = "gnu++20";
				CLANG_ENABLE_MODULES = YES;
				CLANG_ENABLE_OBJC_ARC = YES;
				CLANG_ENABLE_OBJC_WEAK = YES;
				CLANG_WARN_BLOCK_CAPTURE_AUTORELEASING = YES;
				CLANG_WARN_BOOL_CONVERSION = YES;
				CLANG_WARN_COMMA = YES;
				CLANG_WARN_CONSTANT_CONVERSION = YES;
				CLANG_WARN_DEPRECATED_OBJC_IMPLEMENTATIONS = YES;
				CLANG_WARN_DIRECT_OBJC_ISA_USAGE = YES_ERROR;
				CLANG_WARN_DOCUMENTATION_COMMENTS = YES;
				CLANG_WARN_EMPTY_BODY = YES;
				CLANG_WARN_ENUM_CONVERSION = YES;
				CLANG_WARN_INFINITE_RECURSION = YES;
				CLANG_WARN_INT_CONVERSION = YES;
				CLANG_WARN_NON_LITERAL_NULL_CONVERSION = YES;
				CLANG_WARN_OBJC_IMPLICIT_RETAIN_SELF = YES;
				CLANG_WARN_OBJC_LITERAL_CONVERSION = YES;
				CLANG_WARN_OBJC_ROOT_CLASS = YES_ERROR;
				CLANG_WARN_QUOTED_INCLUDE_IN_FRAMEWORK_HEADER = YES;
				CLANG_WARN_RANGE_LOOP_ANALYSIS = YES;
				CLANG_WARN_STRICT_PROTOTYPES = YES;
				CLANG_WARN_SUSPICIOUS_MOVE = YES;
				CLANG_WARN_UNGUARDED_AVAILABILITY = YES_AGGRESSIVE;
				CLANG_WARN_UNREACHABLE_CODE = YES;
				CLANG_WARN__DUPLICATE_METHOD_MATCH = YES;
				COPY_PHASE_STRIP = NO;
				DEBUG_INFORMATION_FORMAT = "dwarf-with-dsym";
				ENABLE_NS_ASSERTIONS = NO;
				ENABLE_STRICT_OBJC_MSGSEND = YES;
				GCC_C_LANGUAGE_STANDARD = gnu11;
				GCC_NO_COMMON_BLOCKS = YES;
				GCC_WARN_64_TO_32_BIT_CONVERSION = YES;
				GCC_WARN_ABOUT_RETURN_TYPE = YES_ERROR;
				GCC_WARN_UNDECLARED_SELECTOR = YES;
				GCC_WARN_UNINITIALIZED_AUTOS = YES_AGGRESSIVE;
				GCC_WARN_UNUSED_FUNCTION = YES;
				GCC_WARN_UNUSED_VARIABLE = YES;
				IPHONEOS_DEPLOYMENT_TARGET = 11.0;
				MACOSX_DEPLOYMENT_TARGET = 10.13;
				MTL_ENABLE_DEBUG_INFO = NO;
				MTL_FAST_MATH = YES;
				SDKROOT = iphoneos;
				SWIFT_COMPILATION_MODE = wholemodule;
				SWIFT_OPTIMIZATION_LEVEL = "-O";
				VALIDATE_PRODUCT = YES;
			};
			name = Release;
		};
		9E92AAAB290D4E680018604C /* Debug */ = {
			isa = XCBuildConfiguration;
			buildSettings = {
				ALLOW_TARGET_PLATFORM_SPECIALIZATION = YES;
				ARCHS = (
					arm64e,
					arm64,
					x86_64,
				);
				CODE_SIGN_INJECT_BASE_ENTITLEMENTS = NO;
				CODE_SIGN_STYLE = Automatic;
				DEVELOPMENT_ASSET_PATHS = "";
				DEVELOPMENT_TEAM = VF46MYDSGH;
				DYLIB_COMPATIBILITY_VERSION = 1;
				DYLIB_CURRENT_VERSION = 1;
				EXECUTABLE_PREFIX = lib;
				GCC_INCREASE_PRECOMPILED_HEADER_SHARING = YES;
				GCC_NO_COMMON_BLOCKS = YES;
				KEEP_PRIVATE_EXTERNS = NO;
				MACOSX_DEPLOYMENT_TARGET = 10.13;
				ONLY_ACTIVE_ARCH = NO;
				PRODUCT_NAME = "$(TARGET_NAME)";
				SDKROOT = macosx;
				SKIP_INSTALL = YES;
				STRIP_INSTALLED_PRODUCT = YES;
				STRIP_STYLE = all;
				STRIP_SWIFT_SYMBOLS = NO;
				SUPPORTED_PLATFORMS = "watchsimulator watchos macosx iphonesimulator iphoneos driverkit appletvsimulator appletvos";
				SUPPORTS_MACCATALYST = YES;
				SWIFT_OBJC_BRIDGING_HEADER = ellekitc/include/ellekit.h;
				SWIFT_VERSION = 5.0;
			};
			name = Debug;
		};
		9E92AAAC290D4E680018604C /* Release */ = {
			isa = XCBuildConfiguration;
			buildSettings = {
				ALLOW_TARGET_PLATFORM_SPECIALIZATION = YES;
				ARCHS = (
					arm64e,
					arm64,
					x86_64,
				);
				CODE_SIGN_INJECT_BASE_ENTITLEMENTS = NO;
				CODE_SIGN_STYLE = Automatic;
				DEVELOPMENT_ASSET_PATHS = "";
				DEVELOPMENT_TEAM = VF46MYDSGH;
				DYLIB_COMPATIBILITY_VERSION = 1;
				DYLIB_CURRENT_VERSION = 1;
				EXECUTABLE_PREFIX = lib;
				GCC_INCREASE_PRECOMPILED_HEADER_SHARING = YES;
				GCC_NO_COMMON_BLOCKS = YES;
				KEEP_PRIVATE_EXTERNS = NO;
				MACOSX_DEPLOYMENT_TARGET = 10.13;
				ONLY_ACTIVE_ARCH = NO;
				PRODUCT_NAME = "$(TARGET_NAME)";
				SDKROOT = macosx;
				SKIP_INSTALL = YES;
				STRIP_INSTALLED_PRODUCT = YES;
				STRIP_STYLE = all;
				STRIP_SWIFT_SYMBOLS = NO;
				SUPPORTED_PLATFORMS = "watchsimulator watchos macosx iphonesimulator iphoneos driverkit appletvsimulator appletvos";
				SUPPORTS_MACCATALYST = YES;
				SWIFT_OBJC_BRIDGING_HEADER = ellekitc/include/ellekit.h;
				SWIFT_VERSION = 5.0;
			};
			name = Release;
		};
		9E96A5C7295924A4000EDC43 /* Debug */ = {
			isa = XCBuildConfiguration;
			buildSettings = {
				ARCHS = arm64e;
				CODE_SIGN_STYLE = Automatic;
				DEVELOPMENT_TEAM = VF46MYDSGH;
				ENABLE_HARDENED_RUNTIME = YES;
				MACOSX_DEPLOYMENT_TARGET = 13.0;
				PRODUCT_NAME = "$(TARGET_NAME)";
				SDKROOT = macosx;
				SWIFT_VERSION = 5.0;
			};
			name = Debug;
		};
		9E96A5C8295924A4000EDC43 /* Release */ = {
			isa = XCBuildConfiguration;
			buildSettings = {
				ARCHS = arm64e;
				CODE_SIGN_STYLE = Automatic;
				DEVELOPMENT_TEAM = VF46MYDSGH;
				ENABLE_HARDENED_RUNTIME = YES;
				MACOSX_DEPLOYMENT_TARGET = 13.0;
				PRODUCT_NAME = "$(TARGET_NAME)";
				SDKROOT = macosx;
				SWIFT_VERSION = 5.0;
			};
			name = Release;
		};
		9EA0D1BB291C5D500061B187 /* Debug */ = {
			isa = XCBuildConfiguration;
			buildSettings = {
				ALLOW_TARGET_PLATFORM_SPECIALIZATION = YES;
				ARCHS = (
					arm64,
					arm64e,
					x86_64,
				);
				CLANG_ENABLE_MODULES = YES;
				CODE_SIGN_IDENTITY = "Apple Development";
				CODE_SIGN_INJECT_BASE_ENTITLEMENTS = NO;
				CODE_SIGN_STYLE = Automatic;
				DEVELOPMENT_TEAM = VF46MYDSGH;
				DYLIB_COMPATIBILITY_VERSION = 1;
				DYLIB_CURRENT_VERSION = 1;
				EXECUTABLE_PREFIX = lib;
				GCC_INCREASE_PRECOMPILED_HEADER_SHARING = YES;
				IPHONEOS_DEPLOYMENT_TARGET = 14.0;
				LD_RUNPATH_SEARCH_PATHS = (
					"$(inherited)",
					"@executable_path/../Frameworks",
					"@loader_path/../Frameworks",
				);
				MACOSX_DEPLOYMENT_TARGET = 12.0;
				ONLY_ACTIVE_ARCH = NO;
				OTHER_LDFLAGS = "";
				PRODUCT_NAME = "$(TARGET_NAME)";
				SDKROOT = macosx13.0;
				SKIP_INSTALL = YES;
				SUPPORTED_PLATFORMS = "watchsimulator watchos macosx iphonesimulator iphoneos driverkit appletvsimulator appletvos";
				SUPPORTS_MACCATALYST = YES;
				SWIFT_OBJC_BRIDGING_HEADER = "";
				SWIFT_OPTIMIZATION_LEVEL = "-Onone";
				SWIFT_VERSION = 5.0;
			};
			name = Debug;
		};
		9EA0D1BC291C5D500061B187 /* Release */ = {
			isa = XCBuildConfiguration;
			buildSettings = {
				ALLOW_TARGET_PLATFORM_SPECIALIZATION = YES;
				ARCHS = (
					arm64,
					arm64e,
					x86_64,
				);
				CLANG_ENABLE_MODULES = YES;
				CODE_SIGN_IDENTITY = "Apple Development";
				CODE_SIGN_INJECT_BASE_ENTITLEMENTS = NO;
				CODE_SIGN_STYLE = Automatic;
				DEVELOPMENT_TEAM = VF46MYDSGH;
				DYLIB_COMPATIBILITY_VERSION = 1;
				DYLIB_CURRENT_VERSION = 1;
				EXECUTABLE_PREFIX = lib;
				GCC_INCREASE_PRECOMPILED_HEADER_SHARING = YES;
				IPHONEOS_DEPLOYMENT_TARGET = 14.0;
				LD_RUNPATH_SEARCH_PATHS = (
					"$(inherited)",
					"@executable_path/../Frameworks",
					"@loader_path/../Frameworks",
				);
				MACOSX_DEPLOYMENT_TARGET = 12.0;
				OTHER_LDFLAGS = "";
				PRODUCT_NAME = "$(TARGET_NAME)";
				SDKROOT = macosx13.0;
				SKIP_INSTALL = YES;
				SUPPORTED_PLATFORMS = "watchsimulator watchos macosx iphonesimulator iphoneos driverkit appletvsimulator appletvos";
				SUPPORTS_MACCATALYST = YES;
				SWIFT_OBJC_BRIDGING_HEADER = "";
				SWIFT_VERSION = 5.0;
			};
			name = Release;
		};
		9EA498A429565DC80099A3ED /* Debug */ = {
			isa = XCBuildConfiguration;
			buildSettings = {
				ARCHS = (
					arm64,
					arm64e,
				);
				CODE_SIGN_STYLE = Automatic;
				DEVELOPMENT_TEAM = VF46MYDSGH;
				DYLIB_COMPATIBILITY_VERSION = 1;
				DYLIB_CURRENT_VERSION = 1;
				EXECUTABLE_PREFIX = lib;
				MACOSX_DEPLOYMENT_TARGET = 13.0;
				PRODUCT_NAME = "$(TARGET_NAME)";
				SDKROOT = iphoneos;
				SKIP_INSTALL = YES;
				SWIFT_OBJC_BRIDGING_HEADER = ellekitc/include/ellekit.h;
				SWIFT_VERSION = 5.0;
			};
			name = Debug;
		};
		9EA498A529565DC80099A3ED /* Release */ = {
			isa = XCBuildConfiguration;
			buildSettings = {
				ARCHS = (
					arm64,
					arm64e,
				);
				CODE_SIGN_STYLE = Automatic;
				DEVELOPMENT_TEAM = VF46MYDSGH;
				DYLIB_COMPATIBILITY_VERSION = 1;
				DYLIB_CURRENT_VERSION = 1;
				EXECUTABLE_PREFIX = lib;
				MACOSX_DEPLOYMENT_TARGET = 13.0;
				PRODUCT_NAME = "$(TARGET_NAME)";
				SDKROOT = iphoneos;
				SKIP_INSTALL = YES;
				SWIFT_OBJC_BRIDGING_HEADER = ellekitc/include/ellekit.h;
				SWIFT_VERSION = 5.0;
			};
			name = Release;
		};
/* End XCBuildConfiguration section */

/* Begin XCConfigurationList section */
		9E2D4F542938389B00EF6619 /* Build configuration list for PBXNativeTarget "test" */ = {
			isa = XCConfigurationList;
			buildConfigurations = (
				9E2D4F522938389B00EF6619 /* Debug */,
				9E2D4F532938389B00EF6619 /* Release */,
			);
			defaultConfigurationIsVisible = 0;
			defaultConfigurationName = Release;
		};
		9E381C40293D1C88004D36B2 /* Build configuration list for PBXNativeTarget "loader" */ = {
			isa = XCConfigurationList;
			buildConfigurations = (
				9E381C3E293D1C88004D36B2 /* Debug */,
				9E381C3F293D1C88004D36B2 /* Release */,
			);
			defaultConfigurationIsVisible = 0;
			defaultConfigurationName = Release;
		};
		9E7DE7E3295293B5008E8BB4 /* Build configuration list for PBXNativeTarget "launchd" */ = {
			isa = XCConfigurationList;
			buildConfigurations = (
				9E7DE7E4295293B5008E8BB4 /* Debug */,
				9E7DE7E5295293B5008E8BB4 /* Release */,
			);
			defaultConfigurationIsVisible = 0;
			defaultConfigurationName = Release;
		};
		9E92AA82290D47540018604C /* Build configuration list for PBXProject "ellekit" */ = {
			isa = XCConfigurationList;
			buildConfigurations = (
				9E92AA8C290D47540018604C /* Debug */,
				9E92AA8D290D47540018604C /* Release */,
			);
			defaultConfigurationIsVisible = 0;
			defaultConfigurationName = Release;
		};
		9E92AAAA290D4E680018604C /* Build configuration list for PBXNativeTarget "ellekit" */ = {
			isa = XCConfigurationList;
			buildConfigurations = (
				9E92AAAB290D4E680018604C /* Debug */,
				9E92AAAC290D4E680018604C /* Release */,
			);
			defaultConfigurationIsVisible = 0;
			defaultConfigurationName = Release;
		};
		9E96A5C6295924A4000EDC43 /* Build configuration list for PBXNativeTarget "ptrauth-shim" */ = {
			isa = XCConfigurationList;
			buildConfigurations = (
				9E96A5C7295924A4000EDC43 /* Debug */,
				9E96A5C8295924A4000EDC43 /* Release */,
			);
			defaultConfigurationIsVisible = 0;
			defaultConfigurationName = Release;
		};
		9EA0D1BD291C5D500061B187 /* Build configuration list for PBXNativeTarget "injector" */ = {
			isa = XCConfigurationList;
			buildConfigurations = (
				9EA0D1BB291C5D500061B187 /* Debug */,
				9EA0D1BC291C5D500061B187 /* Release */,
			);
			defaultConfigurationIsVisible = 0;
			defaultConfigurationName = Release;
		};
		9EA498A329565DC80099A3ED /* Build configuration list for PBXNativeTarget "safemode-ui" */ = {
			isa = XCConfigurationList;
			buildConfigurations = (
				9EA498A429565DC80099A3ED /* Debug */,
				9EA498A529565DC80099A3ED /* Release */,
			);
			defaultConfigurationIsVisible = 0;
			defaultConfigurationName = Release;
		};
/* End XCConfigurationList section */
	};
	rootObject = 9E92AA7F290D47540018604C /* Project object */;
}
