// !$*UTF8*$!
{
	archiveVersion = 1;
	classes = {
	};
	objectVersion = 56;
	objects = {

/* Begin PBXBuildFile section */
		9E19B22C2917FE7700F8C4C7 /* ElleKitC in Frameworks */ = {isa = PBXBuildFile; productRef = 9E19B22B2917FE7700F8C4C7 /* ElleKitC */; };
		9E48019129108EF0007E433F /* PAC.swift in Sources */ = {isa = PBXBuildFile; fileRef = 9E48019029108EF0007E433F /* PAC.swift */; };
		9E480192291090A3007E433F /* PAC.swift in Sources */ = {isa = PBXBuildFile; fileRef = 9E48019029108EF0007E433F /* PAC.swift */; };
		9E48019929109B83007E433F /* Bits.swift in Sources */ = {isa = PBXBuildFile; fileRef = 9E48019829109B83007E433F /* Bits.swift */; };
		9E48019A29109B96007E433F /* Bits.swift in Sources */ = {isa = PBXBuildFile; fileRef = 9E48019829109B83007E433F /* Bits.swift */; };
		9E48019C2910A04E007E433F /* Objective-C.swift in Sources */ = {isa = PBXBuildFile; fileRef = 9E48019B2910A04E007E433F /* Objective-C.swift */; };
		9E48019D2910A076007E433F /* Objective-C.swift in Sources */ = {isa = PBXBuildFile; fileRef = 9E48019B2910A04E007E433F /* Objective-C.swift */; };
		9E48019F2911EB20007E433F /* Orig.swift in Sources */ = {isa = PBXBuildFile; fileRef = 9E48019E2911EB20007E433F /* Orig.swift */; };
		9E4801A12911EB37007E433F /* Orig.swift in Sources */ = {isa = PBXBuildFile; fileRef = 9E48019E2911EB20007E433F /* Orig.swift */; };
		9E4801AA2913E0F7007E433F /* Exception.swift in Sources */ = {isa = PBXBuildFile; fileRef = 9E4801A92913E0F7007E433F /* Exception.swift */; };
		9E4801AB2913E2E9007E433F /* Exception.swift in Sources */ = {isa = PBXBuildFile; fileRef = 9E4801A92913E0F7007E433F /* Exception.swift */; };
		9E4801AD2913EB83007E433F /* Globals.swift in Sources */ = {isa = PBXBuildFile; fileRef = 9E4801AC2913EB83007E433F /* Globals.swift */; };
		9E4801AE2913ED56007E433F /* Globals.swift in Sources */ = {isa = PBXBuildFile; fileRef = 9E4801AC2913EB83007E433F /* Globals.swift */; };
		9E698576290DFB5000408E14 /* Libhooker.swift in Sources */ = {isa = PBXBuildFile; fileRef = 9E698575290DFB5000408E14 /* Libhooker.swift */; };
		9E698577290E015E00408E14 /* Libhooker.swift in Sources */ = {isa = PBXBuildFile; fileRef = 9E698575290DFB5000408E14 /* Libhooker.swift */; };
		9E698579290EC91700408E14 /* Sizing.swift in Sources */ = {isa = PBXBuildFile; fileRef = 9E698578290EC91700408E14 /* Sizing.swift */; };
		9E69857A290ECAE500408E14 /* Sizing.swift in Sources */ = {isa = PBXBuildFile; fileRef = 9E698578290EC91700408E14 /* Sizing.swift */; };
		9E78FBF42916BDD500B3B50B /* trampoline.c in Sources */ = {isa = PBXBuildFile; fileRef = 9E78FBF12916BDD500B3B50B /* trampoline.c */; };
		9E78FBF52916BDD500B3B50B /* trampoline_arm64.S in Sources */ = {isa = PBXBuildFile; fileRef = 9E78FBF22916BDD500B3B50B /* trampoline_arm64.S */; };
		9E78FBF62916BDD500B3B50B /* trampoline_x64.S in Sources */ = {isa = PBXBuildFile; fileRef = 9E78FBF32916BDD500B3B50B /* trampoline_x64.S */; };
		9E78FC0029172D5600B3B50B /* launcherApp.swift in Sources */ = {isa = PBXBuildFile; fileRef = 9E78FBFF29172D5600B3B50B /* launcherApp.swift */; };
		9E78FC0229172D5600B3B50B /* ContentView.swift in Sources */ = {isa = PBXBuildFile; fileRef = 9E78FC0129172D5600B3B50B /* ContentView.swift */; };
		9E78FC0429172D5600B3B50B /* Assets.xcassets in Resources */ = {isa = PBXBuildFile; fileRef = 9E78FC0329172D5600B3B50B /* Assets.xcassets */; };
		9E78FC0729172D5600B3B50B /* Preview Assets.xcassets in Resources */ = {isa = PBXBuildFile; fileRef = 9E78FC0629172D5600B3B50B /* Preview Assets.xcassets */; };
		9E92AA8B290D47540018604C /* General.swift in Sources */ = {isa = PBXBuildFile; fileRef = 9E92AA8A290D47540018604C /* General.swift */; };
		9E92AA9E290D4A040018604C /* MobileSubstrate.swift in Sources */ = {isa = PBXBuildFile; fileRef = 9E92AA96290D4A040018604C /* MobileSubstrate.swift */; };
		9E92AA9F290D4A040018604C /* Execute.swift in Sources */ = {isa = PBXBuildFile; fileRef = 9E92AA97290D4A040018604C /* Execute.swift */; };
		9E92AAA0290D4A040018604C /* Register.swift in Sources */ = {isa = PBXBuildFile; fileRef = 9E92AA98290D4A040018604C /* Register.swift */; };
		9E92AAA1290D4A040018604C /* Math.swift in Sources */ = {isa = PBXBuildFile; fileRef = 9E92AA99290D4A040018604C /* Math.swift */; };
		9E92AAA2290D4A040018604C /* Branches.swift in Sources */ = {isa = PBXBuildFile; fileRef = 9E92AA9A290D4A040018604C /* Branches.swift */; };
		9E92AAA4290D4A1C0018604C /* Hook.swift in Sources */ = {isa = PBXBuildFile; fileRef = 9E92AAA3290D4A1C0018604C /* Hook.swift */; };
		9E92AAAD290D4E7A0018604C /* MobileSubstrate.swift in Sources */ = {isa = PBXBuildFile; fileRef = 9E92AA96290D4A040018604C /* MobileSubstrate.swift */; };
		9E92AAAF290D4E7A0018604C /* Hook.swift in Sources */ = {isa = PBXBuildFile; fileRef = 9E92AAA3290D4A1C0018604C /* Hook.swift */; };
		9E92AAB0290D4E7A0018604C /* Math.swift in Sources */ = {isa = PBXBuildFile; fileRef = 9E92AA99290D4A040018604C /* Math.swift */; };
		9E92AAB1290D4E7A0018604C /* Register.swift in Sources */ = {isa = PBXBuildFile; fileRef = 9E92AA98290D4A040018604C /* Register.swift */; };
		9E92AAB3290D4E7A0018604C /* Execute.swift in Sources */ = {isa = PBXBuildFile; fileRef = 9E92AA97290D4A040018604C /* Execute.swift */; };
		9E92AAB4290D4E7A0018604C /* General.swift in Sources */ = {isa = PBXBuildFile; fileRef = 9E92AA8A290D47540018604C /* General.swift */; };
		9E92AAB5290D4E7A0018604C /* Branches.swift in Sources */ = {isa = PBXBuildFile; fileRef = 9E92AA9A290D4A040018604C /* Branches.swift */; };
/* End PBXBuildFile section */

/* Begin PBXCopyFilesBuildPhase section */
		9E78FBE82916BDB900B3B50B /* CopyFiles */ = {
			isa = PBXCopyFilesBuildPhase;
			buildActionMask = 2147483647;
			dstPath = /usr/share/man/man1/;
			dstSubfolderSpec = 0;
			files = (
			);
			runOnlyForDeploymentPostprocessing = 1;
		};
		9E92AA85290D47540018604C /* CopyFiles */ = {
			isa = PBXCopyFilesBuildPhase;
			buildActionMask = 2147483647;
			dstPath = "include/$(PRODUCT_NAME)";
			dstSubfolderSpec = 16;
			files = (
			);
			runOnlyForDeploymentPostprocessing = 0;
		};
/* End PBXCopyFilesBuildPhase section */

/* Begin PBXFileReference section */
		9E19B22D2918011800F8C4C7 /* Package.swift */ = {isa = PBXFileReference; lastKnownFileType = sourcecode.swift; path = Package.swift; sourceTree = "<group>"; };
		9E48019029108EF0007E433F /* PAC.swift */ = {isa = PBXFileReference; lastKnownFileType = sourcecode.swift; path = PAC.swift; sourceTree = "<group>"; };
		9E48019829109B83007E433F /* Bits.swift */ = {isa = PBXFileReference; lastKnownFileType = sourcecode.swift; path = Bits.swift; sourceTree = "<group>"; };
		9E48019B2910A04E007E433F /* Objective-C.swift */ = {isa = PBXFileReference; lastKnownFileType = sourcecode.swift; path = "Objective-C.swift"; sourceTree = "<group>"; };
		9E48019E2911EB20007E433F /* Orig.swift */ = {isa = PBXFileReference; lastKnownFileType = sourcecode.swift; path = Orig.swift; sourceTree = "<group>"; };
		9E4801A92913E0F7007E433F /* Exception.swift */ = {isa = PBXFileReference; lastKnownFileType = sourcecode.swift; path = Exception.swift; sourceTree = "<group>"; };
		9E4801AC2913EB83007E433F /* Globals.swift */ = {isa = PBXFileReference; lastKnownFileType = sourcecode.swift; path = Globals.swift; sourceTree = "<group>"; };
		9E4801B329144B7A007E433F /* README.md */ = {isa = PBXFileReference; lastKnownFileType = net.daringfireball.markdown; path = README.md; sourceTree = "<group>"; };
		9E698575290DFB5000408E14 /* Libhooker.swift */ = {isa = PBXFileReference; lastKnownFileType = sourcecode.swift; path = Libhooker.swift; sourceTree = "<group>"; };
		9E698578290EC91700408E14 /* Sizing.swift */ = {isa = PBXFileReference; lastKnownFileType = sourcecode.swift; path = Sizing.swift; sourceTree = "<group>"; };
		9E78FBEA2916BDB900B3B50B /* trampoline */ = {isa = PBXFileReference; explicitFileType = "compiled.mach-o.executable"; includeInIndex = 0; path = trampoline; sourceTree = BUILT_PRODUCTS_DIR; };
		9E78FBF12916BDD500B3B50B /* trampoline.c */ = {isa = PBXFileReference; fileEncoding = 4; lastKnownFileType = sourcecode.c.c; path = trampoline.c; sourceTree = "<group>"; };
		9E78FBF22916BDD500B3B50B /* trampoline_arm64.S */ = {isa = PBXFileReference; fileEncoding = 4; lastKnownFileType = sourcecode.asm; path = trampoline_arm64.S; sourceTree = "<group>"; };
		9E78FBF32916BDD500B3B50B /* trampoline_x64.S */ = {isa = PBXFileReference; fileEncoding = 4; lastKnownFileType = sourcecode.asm; path = trampoline_x64.S; sourceTree = "<group>"; };
		9E78FBFD29172D5600B3B50B /* launcher.app */ = {isa = PBXFileReference; explicitFileType = wrapper.application; includeInIndex = 0; path = launcher.app; sourceTree = BUILT_PRODUCTS_DIR; };
		9E78FBFF29172D5600B3B50B /* launcherApp.swift */ = {isa = PBXFileReference; lastKnownFileType = sourcecode.swift; path = launcherApp.swift; sourceTree = "<group>"; };
		9E78FC0129172D5600B3B50B /* ContentView.swift */ = {isa = PBXFileReference; lastKnownFileType = sourcecode.swift; path = ContentView.swift; sourceTree = "<group>"; };
		9E78FC0329172D5600B3B50B /* Assets.xcassets */ = {isa = PBXFileReference; lastKnownFileType = folder.assetcatalog; path = Assets.xcassets; sourceTree = "<group>"; };
		9E78FC0629172D5600B3B50B /* Preview Assets.xcassets */ = {isa = PBXFileReference; lastKnownFileType = folder.assetcatalog; path = "Preview Assets.xcassets"; sourceTree = "<group>"; };
		9E78FC0829172D5600B3B50B /* launcher.entitlements */ = {isa = PBXFileReference; lastKnownFileType = text.plist.entitlements; path = launcher.entitlements; sourceTree = "<group>"; };
		9E92AA87290D47540018604C /* libellekit.a */ = {isa = PBXFileReference; explicitFileType = archive.ar; includeInIndex = 0; path = libellekit.a; sourceTree = BUILT_PRODUCTS_DIR; };
		9E92AA8A290D47540018604C /* General.swift */ = {isa = PBXFileReference; lastKnownFileType = sourcecode.swift; path = General.swift; sourceTree = "<group>"; };
		9E92AA96290D4A040018604C /* MobileSubstrate.swift */ = {isa = PBXFileReference; fileEncoding = 4; lastKnownFileType = sourcecode.swift; path = MobileSubstrate.swift; sourceTree = "<group>"; };
		9E92AA97290D4A040018604C /* Execute.swift */ = {isa = PBXFileReference; fileEncoding = 4; lastKnownFileType = sourcecode.swift; path = Execute.swift; sourceTree = "<group>"; };
		9E92AA98290D4A040018604C /* Register.swift */ = {isa = PBXFileReference; fileEncoding = 4; lastKnownFileType = sourcecode.swift; path = Register.swift; sourceTree = "<group>"; };
		9E92AA99290D4A040018604C /* Math.swift */ = {isa = PBXFileReference; fileEncoding = 4; lastKnownFileType = sourcecode.swift; path = Math.swift; sourceTree = "<group>"; };
		9E92AA9A290D4A040018604C /* Branches.swift */ = {isa = PBXFileReference; fileEncoding = 4; lastKnownFileType = sourcecode.swift; path = Branches.swift; sourceTree = "<group>"; };
		9E92AAA3290D4A1C0018604C /* Hook.swift */ = {isa = PBXFileReference; lastKnownFileType = sourcecode.swift; path = Hook.swift; sourceTree = "<group>"; };
		9E92AAA9290D4E680018604C /* libellekit-mac.dylib */ = {isa = PBXFileReference; explicitFileType = "compiled.mach-o.dylib"; includeInIndex = 0; path = "libellekit-mac.dylib"; sourceTree = BUILT_PRODUCTS_DIR; };
		9E995CB32917FD5800EFC223 /* ElleKitC */ = {isa = PBXFileReference; lastKnownFileType = wrapper; path = ElleKitC; sourceTree = "<group>"; };
/* End PBXFileReference section */

/* Begin PBXFrameworksBuildPhase section */
		9E78FBE72916BDB900B3B50B /* Frameworks */ = {
			isa = PBXFrameworksBuildPhase;
			buildActionMask = 2147483647;
			files = (
			);
			runOnlyForDeploymentPostprocessing = 0;
		};
		9E78FBFA29172D5600B3B50B /* Frameworks */ = {
			isa = PBXFrameworksBuildPhase;
			buildActionMask = 2147483647;
			files = (
			);
			runOnlyForDeploymentPostprocessing = 0;
		};
		9E92AA84290D47540018604C /* Frameworks */ = {
			isa = PBXFrameworksBuildPhase;
			buildActionMask = 2147483647;
			files = (
			);
			runOnlyForDeploymentPostprocessing = 0;
		};
		9E92AAA7290D4E680018604C /* Frameworks */ = {
			isa = PBXFrameworksBuildPhase;
			buildActionMask = 2147483647;
			files = (
				9E19B22C2917FE7700F8C4C7 /* ElleKitC in Frameworks */,
			);
			runOnlyForDeploymentPostprocessing = 0;
		};
/* End PBXFrameworksBuildPhase section */

/* Begin PBXGroup section */
		9E19B22A2917FE7700F8C4C7 /* Frameworks */ = {
			isa = PBXGroup;
			children = (
			);
			name = Frameworks;
			sourceTree = "<group>";
		};
		9E48018C290FE5C3007E433F /* PAC */ = {
			isa = PBXGroup;
			children = (
				9E48019029108EF0007E433F /* PAC.swift */,
			);
			path = PAC;
			sourceTree = "<group>";
		};
		9E48019329109739007E433F /* API */ = {
			isa = PBXGroup;
			children = (
				9E92AA96290D4A040018604C /* MobileSubstrate.swift */,
				9E698575290DFB5000408E14 /* Libhooker.swift */,
			);
			path = API;
			sourceTree = "<group>";
		};
		9E48019629109B61007E433F /* Assembler */ = {
			isa = PBXGroup;
			children = (
				9E92AA8A290D47540018604C /* General.swift */,
				9E92AA9A290D4A040018604C /* Branches.swift */,
				9E92AA97290D4A040018604C /* Execute.swift */,
				9E92AA99290D4A040018604C /* Math.swift */,
				9E92AA98290D4A040018604C /* Register.swift */,
			);
			path = Assembler;
			sourceTree = "<group>";
		};
		9E48019729109B77007E433F /* Misc */ = {
			isa = PBXGroup;
			children = (
				9E48019829109B83007E433F /* Bits.swift */,
			);
			path = Misc;
			sourceTree = "<group>";
		};
		9E4801A02911EB29007E433F /* C */ = {
			isa = PBXGroup;
			children = (
				9E92AAA3290D4A1C0018604C /* Hook.swift */,
				9E48019E2911EB20007E433F /* Orig.swift */,
				9E698578290EC91700408E14 /* Sizing.swift */,
			);
			path = C;
			sourceTree = "<group>";
		};
		9E78FBE42916BD2B00B3B50B /* ExceptionHandler */ = {
			isa = PBXGroup;
			children = (
				9E4801A92913E0F7007E433F /* Exception.swift */,
			);
			path = ExceptionHandler;
			sourceTree = "<group>";
		};
		9E78FBE52916BD3700B3B50B /* Languages */ = {
			isa = PBXGroup;
			children = (
				9E48019B2910A04E007E433F /* Objective-C.swift */,
				9E4801A02911EB29007E433F /* C */,
			);
			path = Languages;
			sourceTree = "<group>";
		};
		9E78FBEB2916BDB900B3B50B /* trampoline */ = {
			isa = PBXGroup;
			children = (
				9E78FBF22916BDD500B3B50B /* trampoline_arm64.S */,
				9E78FBF32916BDD500B3B50B /* trampoline_x64.S */,
				9E78FBF12916BDD500B3B50B /* trampoline.c */,
			);
			path = trampoline;
			sourceTree = "<group>";
		};
		9E78FBFE29172D5600B3B50B /* launcher */ = {
			isa = PBXGroup;
			children = (
				9E78FBFF29172D5600B3B50B /* launcherApp.swift */,
				9E78FC0129172D5600B3B50B /* ContentView.swift */,
				9E78FC0329172D5600B3B50B /* Assets.xcassets */,
				9E78FC0829172D5600B3B50B /* launcher.entitlements */,
				9E78FC0529172D5600B3B50B /* Preview Content */,
			);
			path = launcher;
			sourceTree = "<group>";
		};
		9E78FC0529172D5600B3B50B /* Preview Content */ = {
			isa = PBXGroup;
			children = (
				9E78FC0629172D5600B3B50B /* Preview Assets.xcassets */,
			);
			path = "Preview Content";
			sourceTree = "<group>";
		};
		9E92AA7E290D47540018604C = {
			isa = PBXGroup;
			children = (
				9E19B22D2918011800F8C4C7 /* Package.swift */,
				9E995CB22917FD5800EFC223 /* Packages */,
				9E4801B329144B7A007E433F /* README.md */,
				9E92AA89290D47540018604C /* ellekit */,
				9E78FBEB2916BDB900B3B50B /* trampoline */,
				9E78FBFE29172D5600B3B50B /* launcher */,
				9E92AA88290D47540018604C /* Products */,
				9E19B22A2917FE7700F8C4C7 /* Frameworks */,
			);
			sourceTree = "<group>";
		};
		9E92AA88290D47540018604C /* Products */ = {
			isa = PBXGroup;
			children = (
				9E92AA87290D47540018604C /* libellekit.a */,
				9E92AAA9290D4E680018604C /* libellekit-mac.dylib */,
				9E78FBEA2916BDB900B3B50B /* trampoline */,
				9E78FBFD29172D5600B3B50B /* launcher.app */,
			);
			name = Products;
			sourceTree = "<group>";
		};
		9E92AA89290D47540018604C /* ellekit */ = {
			isa = PBXGroup;
			children = (
				9E4801AC2913EB83007E433F /* Globals.swift */,
				9E78FBE52916BD3700B3B50B /* Languages */,
				9E78FBE42916BD2B00B3B50B /* ExceptionHandler */,
				9E48019729109B77007E433F /* Misc */,
				9E48019629109B61007E433F /* Assembler */,
				9E48019329109739007E433F /* API */,
				9E48018C290FE5C3007E433F /* PAC */,
			);
			path = ellekit;
			sourceTree = "<group>";
		};
		9E995CB22917FD5800EFC223 /* Packages */ = {
			isa = PBXGroup;
			children = (
				9E995CB32917FD5800EFC223 /* ElleKitC */,
			);
			name = Packages;
			sourceTree = "<group>";
		};
/* End PBXGroup section */

/* Begin PBXHeadersBuildPhase section */
		9E92AAA5290D4E680018604C /* Headers */ = {
			isa = PBXHeadersBuildPhase;
			buildActionMask = 2147483647;
			files = (
			);
			runOnlyForDeploymentPostprocessing = 0;
		};
/* End PBXHeadersBuildPhase section */

/* Begin PBXNativeTarget section */
		9E78FBE92916BDB900B3B50B /* trampoline */ = {
			isa = PBXNativeTarget;
			buildConfigurationList = 9E78FBEE2916BDB900B3B50B /* Build configuration list for PBXNativeTarget "trampoline" */;
			buildPhases = (
				9E78FBE62916BDB900B3B50B /* Sources */,
				9E78FBE72916BDB900B3B50B /* Frameworks */,
				9E78FBE82916BDB900B3B50B /* CopyFiles */,
			);
			buildRules = (
			);
			dependencies = (
			);
			name = trampoline;
			productName = trampoline;
			productReference = 9E78FBEA2916BDB900B3B50B /* trampoline */;
			productType = "com.apple.product-type.tool";
		};
		9E78FBFC29172D5600B3B50B /* launcher */ = {
			isa = PBXNativeTarget;
			buildConfigurationList = 9E78FC1F29172D5700B3B50B /* Build configuration list for PBXNativeTarget "launcher" */;
			buildPhases = (
				9E78FBF929172D5600B3B50B /* Sources */,
				9E78FBFA29172D5600B3B50B /* Frameworks */,
				9E78FBFB29172D5600B3B50B /* Resources */,
			);
			buildRules = (
			);
			dependencies = (
			);
			name = launcher;
			productName = launcher;
			productReference = 9E78FBFD29172D5600B3B50B /* launcher.app */;
			productType = "com.apple.product-type.application";
		};
		9E92AA86290D47540018604C /* ellekit */ = {
			isa = PBXNativeTarget;
			buildConfigurationList = 9E92AA8E290D47540018604C /* Build configuration list for PBXNativeTarget "ellekit" */;
			buildPhases = (
				9E92AA83290D47540018604C /* Sources */,
				9E92AA84290D47540018604C /* Frameworks */,
				9E92AA85290D47540018604C /* CopyFiles */,
			);
			buildRules = (
			);
			dependencies = (
			);
			name = ellekit;
			productName = ellekit;
			productReference = 9E92AA87290D47540018604C /* libellekit.a */;
			productType = "com.apple.product-type.library.static";
		};
		9E92AAA8290D4E680018604C /* ellekit-mac */ = {
			isa = PBXNativeTarget;
			buildConfigurationList = 9E92AAAA290D4E680018604C /* Build configuration list for PBXNativeTarget "ellekit-mac" */;
			buildPhases = (
				9E92AAA5290D4E680018604C /* Headers */,
				9E92AAA6290D4E680018604C /* Sources */,
				9E92AAA7290D4E680018604C /* Frameworks */,
			);
			buildRules = (
			);
			dependencies = (
			);
			name = "ellekit-mac";
			packageProductDependencies = (
				9E19B22B2917FE7700F8C4C7 /* ElleKitC */,
			);
			productName = "ellekit-mac";
			productReference = 9E92AAA9290D4E680018604C /* libellekit-mac.dylib */;
			productType = "com.apple.product-type.library.dynamic";
		};
/* End PBXNativeTarget section */

/* Begin PBXProject section */
		9E92AA7F290D47540018604C /* Project object */ = {
			isa = PBXProject;
			attributes = {
				BuildIndependentTargetsInParallel = 1;
				LastSwiftUpdateCheck = 1410;
				LastUpgradeCheck = 1410;
				TargetAttributes = {
					9E78FBE92916BDB900B3B50B = {
						CreatedOnToolsVersion = 14.1;
					};
					9E78FBFC29172D5600B3B50B = {
						CreatedOnToolsVersion = 14.1;
					};
					9E92AA86290D47540018604C = {
						CreatedOnToolsVersion = 14.1;
						LastSwiftMigration = 1410;
					};
					9E92AAA8290D4E680018604C = {
						CreatedOnToolsVersion = 14.1;
					};
				};
			};
			buildConfigurationList = 9E92AA82290D47540018604C /* Build configuration list for PBXProject "ellekit" */;
			compatibilityVersion = "Xcode 14.0";
			developmentRegion = en;
			hasScannedForEncodings = 0;
			knownRegions = (
				en,
				Base,
			);
			mainGroup = 9E92AA7E290D47540018604C;
			productRefGroup = 9E92AA88290D47540018604C /* Products */;
			projectDirPath = "";
			projectRoot = "";
			targets = (
				9E92AA86290D47540018604C /* ellekit */,
				9E92AAA8290D4E680018604C /* ellekit-mac */,
				9E78FBE92916BDB900B3B50B /* trampoline */,
				9E78FBFC29172D5600B3B50B /* launcher */,
			);
		};
/* End PBXProject section */

/* Begin PBXResourcesBuildPhase section */
		9E78FBFB29172D5600B3B50B /* Resources */ = {
			isa = PBXResourcesBuildPhase;
			buildActionMask = 2147483647;
			files = (
				9E78FC0729172D5600B3B50B /* Preview Assets.xcassets in Resources */,
				9E78FC0429172D5600B3B50B /* Assets.xcassets in Resources */,
			);
			runOnlyForDeploymentPostprocessing = 0;
		};
/* End PBXResourcesBuildPhase section */

/* Begin PBXSourcesBuildPhase section */
		9E78FBE62916BDB900B3B50B /* Sources */ = {
			isa = PBXSourcesBuildPhase;
			buildActionMask = 2147483647;
			files = (
				9E78FBF42916BDD500B3B50B /* trampoline.c in Sources */,
				9E78FBF52916BDD500B3B50B /* trampoline_arm64.S in Sources */,
				9E78FBF62916BDD500B3B50B /* trampoline_x64.S in Sources */,
			);
			runOnlyForDeploymentPostprocessing = 0;
		};
		9E78FBF929172D5600B3B50B /* Sources */ = {
			isa = PBXSourcesBuildPhase;
			buildActionMask = 2147483647;
			files = (
				9E78FC0229172D5600B3B50B /* ContentView.swift in Sources */,
				9E78FC0029172D5600B3B50B /* launcherApp.swift in Sources */,
			);
			runOnlyForDeploymentPostprocessing = 0;
		};
		9E92AA83290D47540018604C /* Sources */ = {
			isa = PBXSourcesBuildPhase;
			buildActionMask = 2147483647;
			files = (
				9E4801AD2913EB83007E433F /* Globals.swift in Sources */,
				9E92AAA0290D4A040018604C /* Register.swift in Sources */,
				9E92AA9E290D4A040018604C /* MobileSubstrate.swift in Sources */,
				9E92AAA1290D4A040018604C /* Math.swift in Sources */,
				9E92AAA4290D4A1C0018604C /* Hook.swift in Sources */,
				9E92AA9F290D4A040018604C /* Execute.swift in Sources */,
				9E48019129108EF0007E433F /* PAC.swift in Sources */,
				9E48019F2911EB20007E433F /* Orig.swift in Sources */,
				9E698576290DFB5000408E14 /* Libhooker.swift in Sources */,
				9E92AA8B290D47540018604C /* General.swift in Sources */,
				9E92AAA2290D4A040018604C /* Branches.swift in Sources */,
				9E4801AA2913E0F7007E433F /* Exception.swift in Sources */,
				9E698579290EC91700408E14 /* Sizing.swift in Sources */,
				9E48019C2910A04E007E433F /* Objective-C.swift in Sources */,
				9E48019929109B83007E433F /* Bits.swift in Sources */,
			);
			runOnlyForDeploymentPostprocessing = 0;
		};
		9E92AAA6290D4E680018604C /* Sources */ = {
			isa = PBXSourcesBuildPhase;
			buildActionMask = 2147483647;
			files = (
				9E4801AE2913ED56007E433F /* Globals.swift in Sources */,
				9E92AAAD290D4E7A0018604C /* MobileSubstrate.swift in Sources */,
				9E92AAB3290D4E7A0018604C /* Execute.swift in Sources */,
				9E92AAB4290D4E7A0018604C /* General.swift in Sources */,
				9E92AAAF290D4E7A0018604C /* Hook.swift in Sources */,
				9E480192291090A3007E433F /* PAC.swift in Sources */,
				9E4801A12911EB37007E433F /* Orig.swift in Sources */,
				9E92AAB5290D4E7A0018604C /* Branches.swift in Sources */,
				9E698577290E015E00408E14 /* Libhooker.swift in Sources */,
				9E92AAB0290D4E7A0018604C /* Math.swift in Sources */,
				9E92AAB1290D4E7A0018604C /* Register.swift in Sources */,
				9E4801AB2913E2E9007E433F /* Exception.swift in Sources */,
				9E69857A290ECAE500408E14 /* Sizing.swift in Sources */,
				9E48019D2910A076007E433F /* Objective-C.swift in Sources */,
				9E48019A29109B96007E433F /* Bits.swift in Sources */,
			);
			runOnlyForDeploymentPostprocessing = 0;
		};
/* End PBXSourcesBuildPhase section */

/* Begin XCBuildConfiguration section */
		9E78FBEF2916BDB900B3B50B /* Debug */ = {
			isa = XCBuildConfiguration;
			buildSettings = {
				ARCHS = arm64e;
				"CODE_SIGN_IDENTITY[sdk=macosx*]" = "Apple Development";
				CODE_SIGN_STYLE = Automatic;
				DEVELOPMENT_TEAM = VF46MYDSGH;
				ENABLE_HARDENED_RUNTIME = YES;
				GCC_NO_COMMON_BLOCKS = YES;
				MACOSX_DEPLOYMENT_TARGET = 13.0;
				ONLY_ACTIVE_ARCH = NO;
				PRODUCT_BUNDLE_IDENTIFIER = trampoline;
				PRODUCT_NAME = "$(TARGET_NAME)";
				SDKROOT = macosx;
				STRIP_INSTALLED_PRODUCT = YES;
				SWIFT_VERSION = 5.0;
			};
			name = Debug;
		};
		9E78FBF02916BDB900B3B50B /* Release */ = {
			isa = XCBuildConfiguration;
			buildSettings = {
				ARCHS = arm64e;
				"CODE_SIGN_IDENTITY[sdk=macosx*]" = "Apple Development";
				CODE_SIGN_STYLE = Automatic;
				DEVELOPMENT_TEAM = VF46MYDSGH;
				ENABLE_HARDENED_RUNTIME = YES;
				GCC_NO_COMMON_BLOCKS = YES;
				MACOSX_DEPLOYMENT_TARGET = 13.0;
				ONLY_ACTIVE_ARCH = NO;
				PRODUCT_BUNDLE_IDENTIFIER = trampoline;
				PRODUCT_NAME = "$(TARGET_NAME)";
				SDKROOT = macosx;
				STRIP_INSTALLED_PRODUCT = YES;
				SWIFT_VERSION = 5.0;
			};
			name = Release;
		};
		9E78FC2029172D5700B3B50B /* Debug */ = {
			isa = XCBuildConfiguration;
			buildSettings = {
				ASSETCATALOG_COMPILER_APPICON_NAME = AppIcon;
				ASSETCATALOG_COMPILER_GLOBAL_ACCENT_COLOR_NAME = AccentColor;
				CODE_SIGN_ENTITLEMENTS = launcher/launcher.entitlements;
				CODE_SIGN_STYLE = Automatic;
				COMBINE_HIDPI_IMAGES = YES;
				CURRENT_PROJECT_VERSION = 1;
				DEVELOPMENT_ASSET_PATHS = "\"launcher/Preview Content\"";
				DEVELOPMENT_TEAM = VF46MYDSGH;
				ENABLE_HARDENED_RUNTIME = YES;
				ENABLE_PREVIEWS = YES;
				GENERATE_INFOPLIST_FILE = YES;
				INFOPLIST_KEY_NSHumanReadableCopyright = "";
				LD_RUNPATH_SEARCH_PATHS = (
					"$(inherited)",
					"@executable_path/../Frameworks",
				);
				MACOSX_DEPLOYMENT_TARGET = 13.0;
				MARKETING_VERSION = 1.0;
				PRODUCT_BUNDLE_IDENTIFIER = red.charlotte.launcher;
				PRODUCT_NAME = "$(TARGET_NAME)";
				SDKROOT = macosx;
				SWIFT_EMIT_LOC_STRINGS = YES;
				SWIFT_VERSION = 5.0;
			};
			name = Debug;
		};
		9E78FC2129172D5700B3B50B /* Release */ = {
			isa = XCBuildConfiguration;
			buildSettings = {
				ASSETCATALOG_COMPILER_APPICON_NAME = AppIcon;
				ASSETCATALOG_COMPILER_GLOBAL_ACCENT_COLOR_NAME = AccentColor;
				CODE_SIGN_ENTITLEMENTS = launcher/launcher.entitlements;
				CODE_SIGN_STYLE = Automatic;
				COMBINE_HIDPI_IMAGES = YES;
				CURRENT_PROJECT_VERSION = 1;
				DEVELOPMENT_ASSET_PATHS = "\"launcher/Preview Content\"";
				DEVELOPMENT_TEAM = VF46MYDSGH;
				ENABLE_HARDENED_RUNTIME = YES;
				ENABLE_PREVIEWS = YES;
				GENERATE_INFOPLIST_FILE = YES;
				INFOPLIST_KEY_NSHumanReadableCopyright = "";
				LD_RUNPATH_SEARCH_PATHS = (
					"$(inherited)",
					"@executable_path/../Frameworks",
				);
				MACOSX_DEPLOYMENT_TARGET = 13.0;
				MARKETING_VERSION = 1.0;
				PRODUCT_BUNDLE_IDENTIFIER = red.charlotte.launcher;
				PRODUCT_NAME = "$(TARGET_NAME)";
				SDKROOT = macosx;
				SWIFT_EMIT_LOC_STRINGS = YES;
				SWIFT_VERSION = 5.0;
			};
			name = Release;
		};
		9E92AA8C290D47540018604C /* Debug */ = {
			isa = XCBuildConfiguration;
			buildSettings = {
				ALWAYS_SEARCH_USER_PATHS = NO;
				CLANG_ANALYZER_NONNULL = YES;
				CLANG_ANALYZER_NUMBER_OBJECT_CONVERSION = YES_AGGRESSIVE;
				CLANG_CXX_LANGUAGE_STANDARD = "gnu++20";
				CLANG_ENABLE_MODULES = YES;
				CLANG_ENABLE_OBJC_ARC = YES;
				CLANG_ENABLE_OBJC_WEAK = YES;
				CLANG_WARN_BLOCK_CAPTURE_AUTORELEASING = YES;
				CLANG_WARN_BOOL_CONVERSION = YES;
				CLANG_WARN_COMMA = YES;
				CLANG_WARN_CONSTANT_CONVERSION = YES;
				CLANG_WARN_DEPRECATED_OBJC_IMPLEMENTATIONS = YES;
				CLANG_WARN_DIRECT_OBJC_ISA_USAGE = YES_ERROR;
				CLANG_WARN_DOCUMENTATION_COMMENTS = YES;
				CLANG_WARN_EMPTY_BODY = YES;
				CLANG_WARN_ENUM_CONVERSION = YES;
				CLANG_WARN_INFINITE_RECURSION = YES;
				CLANG_WARN_INT_CONVERSION = YES;
				CLANG_WARN_NON_LITERAL_NULL_CONVERSION = YES;
				CLANG_WARN_OBJC_IMPLICIT_RETAIN_SELF = YES;
				CLANG_WARN_OBJC_LITERAL_CONVERSION = YES;
				CLANG_WARN_OBJC_ROOT_CLASS = YES_ERROR;
				CLANG_WARN_QUOTED_INCLUDE_IN_FRAMEWORK_HEADER = YES;
				CLANG_WARN_RANGE_LOOP_ANALYSIS = YES;
				CLANG_WARN_STRICT_PROTOTYPES = YES;
				CLANG_WARN_SUSPICIOUS_MOVE = YES;
				CLANG_WARN_UNGUARDED_AVAILABILITY = YES_AGGRESSIVE;
				CLANG_WARN_UNREACHABLE_CODE = YES;
				CLANG_WARN__DUPLICATE_METHOD_MATCH = YES;
				COPY_PHASE_STRIP = NO;
				DEBUG_INFORMATION_FORMAT = dwarf;
				ENABLE_STRICT_OBJC_MSGSEND = YES;
				ENABLE_TESTABILITY = YES;
				GCC_C_LANGUAGE_STANDARD = gnu11;
				GCC_DYNAMIC_NO_PIC = NO;
				GCC_NO_COMMON_BLOCKS = YES;
				GCC_OPTIMIZATION_LEVEL = 0;
				GCC_PREPROCESSOR_DEFINITIONS = (
					"DEBUG=1",
					"$(inherited)",
				);
				GCC_WARN_64_TO_32_BIT_CONVERSION = YES;
				GCC_WARN_ABOUT_RETURN_TYPE = YES_ERROR;
				GCC_WARN_UNDECLARED_SELECTOR = YES;
				GCC_WARN_UNINITIALIZED_AUTOS = YES_AGGRESSIVE;
				GCC_WARN_UNUSED_FUNCTION = YES;
				GCC_WARN_UNUSED_VARIABLE = YES;
				IPHONEOS_DEPLOYMENT_TARGET = 11.0;
				MACOSX_DEPLOYMENT_TARGET = 10.13;
				MTL_ENABLE_DEBUG_INFO = INCLUDE_SOURCE;
				MTL_FAST_MATH = YES;
				ONLY_ACTIVE_ARCH = YES;
				SDKROOT = iphoneos;
				SWIFT_ACTIVE_COMPILATION_CONDITIONS = DEBUG;
				SWIFT_OPTIMIZATION_LEVEL = "-Onone";
			};
			name = Debug;
		};
		9E92AA8D290D47540018604C /* Release */ = {
			isa = XCBuildConfiguration;
			buildSettings = {
				ALWAYS_SEARCH_USER_PATHS = NO;
				CLANG_ANALYZER_NONNULL = YES;
				CLANG_ANALYZER_NUMBER_OBJECT_CONVERSION = YES_AGGRESSIVE;
				CLANG_CXX_LANGUAGE_STANDARD = "gnu++20";
				CLANG_ENABLE_MODULES = YES;
				CLANG_ENABLE_OBJC_ARC = YES;
				CLANG_ENABLE_OBJC_WEAK = YES;
				CLANG_WARN_BLOCK_CAPTURE_AUTORELEASING = YES;
				CLANG_WARN_BOOL_CONVERSION = YES;
				CLANG_WARN_COMMA = YES;
				CLANG_WARN_CONSTANT_CONVERSION = YES;
				CLANG_WARN_DEPRECATED_OBJC_IMPLEMENTATIONS = YES;
				CLANG_WARN_DIRECT_OBJC_ISA_USAGE = YES_ERROR;
				CLANG_WARN_DOCUMENTATION_COMMENTS = YES;
				CLANG_WARN_EMPTY_BODY = YES;
				CLANG_WARN_ENUM_CONVERSION = YES;
				CLANG_WARN_INFINITE_RECURSION = YES;
				CLANG_WARN_INT_CONVERSION = YES;
				CLANG_WARN_NON_LITERAL_NULL_CONVERSION = YES;
				CLANG_WARN_OBJC_IMPLICIT_RETAIN_SELF = YES;
				CLANG_WARN_OBJC_LITERAL_CONVERSION = YES;
				CLANG_WARN_OBJC_ROOT_CLASS = YES_ERROR;
				CLANG_WARN_QUOTED_INCLUDE_IN_FRAMEWORK_HEADER = YES;
				CLANG_WARN_RANGE_LOOP_ANALYSIS = YES;
				CLANG_WARN_STRICT_PROTOTYPES = YES;
				CLANG_WARN_SUSPICIOUS_MOVE = YES;
				CLANG_WARN_UNGUARDED_AVAILABILITY = YES_AGGRESSIVE;
				CLANG_WARN_UNREACHABLE_CODE = YES;
				CLANG_WARN__DUPLICATE_METHOD_MATCH = YES;
				COPY_PHASE_STRIP = NO;
				DEBUG_INFORMATION_FORMAT = "dwarf-with-dsym";
				ENABLE_NS_ASSERTIONS = NO;
				ENABLE_STRICT_OBJC_MSGSEND = YES;
				GCC_C_LANGUAGE_STANDARD = gnu11;
				GCC_NO_COMMON_BLOCKS = YES;
				GCC_WARN_64_TO_32_BIT_CONVERSION = YES;
				GCC_WARN_ABOUT_RETURN_TYPE = YES_ERROR;
				GCC_WARN_UNDECLARED_SELECTOR = YES;
				GCC_WARN_UNINITIALIZED_AUTOS = YES_AGGRESSIVE;
				GCC_WARN_UNUSED_FUNCTION = YES;
				GCC_WARN_UNUSED_VARIABLE = YES;
				IPHONEOS_DEPLOYMENT_TARGET = 11.0;
				MACOSX_DEPLOYMENT_TARGET = 10.13;
				MTL_ENABLE_DEBUG_INFO = NO;
				MTL_FAST_MATH = YES;
				SDKROOT = iphoneos;
				SWIFT_COMPILATION_MODE = wholemodule;
				SWIFT_OPTIMIZATION_LEVEL = "-O";
				VALIDATE_PRODUCT = YES;
			};
			name = Release;
		};
		9E92AA8F290D47540018604C /* Debug */ = {
			isa = XCBuildConfiguration;
			buildSettings = {
				ARCHS = (
					arm64,
					arm64e,
				);
				CLANG_ENABLE_MODULES = YES;
				CODE_SIGN_STYLE = Automatic;
				GCC_NO_COMMON_BLOCKS = YES;
				LD_RUNPATH_SEARCH_PATHS = (
					"$(inherited)",
					"@executable_path/Frameworks",
					"@loader_path/Frameworks",
				);
				MACH_O_TYPE = mh_dylib;
				OTHER_LDFLAGS = "-ObjC";
				PRODUCT_NAME = "$(TARGET_NAME)";
				SKIP_INSTALL = YES;
				STRIP_STYLE = all;
				SWIFT_OBJC_BRIDGING_HEADER = "";
				SWIFT_OPTIMIZATION_LEVEL = "-Onone";
				SWIFT_VERSION = 5.0;
				TARGETED_DEVICE_FAMILY = "1,2";
			};
			name = Debug;
		};
		9E92AA90290D47540018604C /* Release */ = {
			isa = XCBuildConfiguration;
			buildSettings = {
				ARCHS = (
					arm64,
					arm64e,
				);
				CLANG_ENABLE_MODULES = YES;
				CODE_SIGN_STYLE = Automatic;
				GCC_NO_COMMON_BLOCKS = YES;
				LD_RUNPATH_SEARCH_PATHS = (
					"$(inherited)",
					"@executable_path/Frameworks",
					"@loader_path/Frameworks",
				);
				MACH_O_TYPE = mh_dylib;
				OTHER_LDFLAGS = "-ObjC";
				PRODUCT_NAME = "$(TARGET_NAME)";
				SKIP_INSTALL = YES;
				STRIP_STYLE = all;
				SWIFT_OBJC_BRIDGING_HEADER = "";
				SWIFT_VERSION = 5.0;
				TARGETED_DEVICE_FAMILY = "1,2";
			};
			name = Release;
		};
		9E92AAAB290D4E680018604C /* Debug */ = {
			isa = XCBuildConfiguration;
			buildSettings = {
				ARCHS = (
					arm64e,
					arm64,
				);
				CODE_SIGN_STYLE = Automatic;
				DYLIB_COMPATIBILITY_VERSION = 1;
				DYLIB_CURRENT_VERSION = 1;
				EXECUTABLE_PREFIX = lib;
				GCC_NO_COMMON_BLOCKS = YES;
				KEEP_PRIVATE_EXTERNS = NO;
				MACOSX_DEPLOYMENT_TARGET = 10.13;
				ONLY_ACTIVE_ARCH = NO;
				PRODUCT_NAME = "$(TARGET_NAME)";
				SDKROOT = macosx;
				SKIP_INSTALL = YES;
				STRIP_INSTALLED_PRODUCT = YES;
				STRIP_STYLE = all;
				STRIP_SWIFT_SYMBOLS = NO;
				SWIFT_OBJC_BRIDGING_HEADER = "";
				SWIFT_VERSION = 5.0;
			};
			name = Debug;
		};
		9E92AAAC290D4E680018604C /* Release */ = {
			isa = XCBuildConfiguration;
			buildSettings = {
				ARCHS = (
					arm64e,
					arm64,
				);
				CODE_SIGN_STYLE = Automatic;
				DYLIB_COMPATIBILITY_VERSION = 1;
				DYLIB_CURRENT_VERSION = 1;
				EXECUTABLE_PREFIX = lib;
				GCC_NO_COMMON_BLOCKS = YES;
				KEEP_PRIVATE_EXTERNS = NO;
				MACOSX_DEPLOYMENT_TARGET = 10.13;
				ONLY_ACTIVE_ARCH = NO;
				PRODUCT_NAME = "$(TARGET_NAME)";
				SDKROOT = macosx;
				SKIP_INSTALL = YES;
				STRIP_INSTALLED_PRODUCT = YES;
				STRIP_STYLE = all;
				STRIP_SWIFT_SYMBOLS = NO;
				SWIFT_OBJC_BRIDGING_HEADER = "";
				SWIFT_VERSION = 5.0;
			};
			name = Release;
		};
/* End XCBuildConfiguration section */

/* Begin XCConfigurationList section */
		9E78FBEE2916BDB900B3B50B /* Build configuration list for PBXNativeTarget "trampoline" */ = {
			isa = XCConfigurationList;
			buildConfigurations = (
				9E78FBEF2916BDB900B3B50B /* Debug */,
				9E78FBF02916BDB900B3B50B /* Release */,
			);
			defaultConfigurationIsVisible = 0;
			defaultConfigurationName = Release;
		};
		9E78FC1F29172D5700B3B50B /* Build configuration list for PBXNativeTarget "launcher" */ = {
			isa = XCConfigurationList;
			buildConfigurations = (
				9E78FC2029172D5700B3B50B /* Debug */,
				9E78FC2129172D5700B3B50B /* Release */,
			);
			defaultConfigurationIsVisible = 0;
			defaultConfigurationName = Release;
		};
		9E92AA82290D47540018604C /* Build configuration list for PBXProject "ellekit" */ = {
			isa = XCConfigurationList;
			buildConfigurations = (
				9E92AA8C290D47540018604C /* Debug */,
				9E92AA8D290D47540018604C /* Release */,
			);
			defaultConfigurationIsVisible = 0;
			defaultConfigurationName = Release;
		};
		9E92AA8E290D47540018604C /* Build configuration list for PBXNativeTarget "ellekit" */ = {
			isa = XCConfigurationList;
			buildConfigurations = (
				9E92AA8F290D47540018604C /* Debug */,
				9E92AA90290D47540018604C /* Release */,
			);
			defaultConfigurationIsVisible = 0;
			defaultConfigurationName = Release;
		};
		9E92AAAA290D4E680018604C /* Build configuration list for PBXNativeTarget "ellekit-mac" */ = {
			isa = XCConfigurationList;
			buildConfigurations = (
				9E92AAAB290D4E680018604C /* Debug */,
				9E92AAAC290D4E680018604C /* Release */,
			);
			defaultConfigurationIsVisible = 0;
			defaultConfigurationName = Release;
		};
/* End XCConfigurationList section */

/* Begin XCSwiftPackageProductDependency section */
		9E19B22B2917FE7700F8C4C7 /* ElleKitC */ = {
			isa = XCSwiftPackageProductDependency;
			productName = ElleKitC;
		};
/* End XCSwiftPackageProductDependency section */
	};
	rootObject = 9E92AA7F290D47540018604C /* Project object */;
}
