// !$*UTF8*$!
{
	archiveVersion = 1;
	classes = {
	};
	objectVersion = 56;
	objects = {

/* Begin PBXBuildFile section */
		9E698576290DFB5000408E14 /* Libhooker.swift in Sources */ = {isa = PBXBuildFile; fileRef = 9E698575290DFB5000408E14 /* Libhooker.swift */; };
		9E698577290E015E00408E14 /* Libhooker.swift in Sources */ = {isa = PBXBuildFile; fileRef = 9E698575290DFB5000408E14 /* Libhooker.swift */; };
		9E698579290EC91700408E14 /* Sizing.swift in Sources */ = {isa = PBXBuildFile; fileRef = 9E698578290EC91700408E14 /* Sizing.swift */; };
		9E69857A290ECAE500408E14 /* Sizing.swift in Sources */ = {isa = PBXBuildFile; fileRef = 9E698578290EC91700408E14 /* Sizing.swift */; };
		9E92AA8B290D47540018604C /* ellekit.swift in Sources */ = {isa = PBXBuildFile; fileRef = 9E92AA8A290D47540018604C /* ellekit.swift */; };
		9E92AA9D290D4A040018604C /* Assembly.c in Sources */ = {isa = PBXBuildFile; fileRef = 9E92AA95290D4A040018604C /* Assembly.c */; };
		9E92AA9E290D4A040018604C /* MobileSubstrate.swift in Sources */ = {isa = PBXBuildFile; fileRef = 9E92AA96290D4A040018604C /* MobileSubstrate.swift */; };
		9E92AA9F290D4A040018604C /* exec.swift in Sources */ = {isa = PBXBuildFile; fileRef = 9E92AA97290D4A040018604C /* exec.swift */; };
		9E92AAA0290D4A040018604C /* Register.swift in Sources */ = {isa = PBXBuildFile; fileRef = 9E92AA98290D4A040018604C /* Register.swift */; };
		9E92AAA1290D4A040018604C /* Math.swift in Sources */ = {isa = PBXBuildFile; fileRef = 9E92AA99290D4A040018604C /* Math.swift */; };
		9E92AAA2290D4A040018604C /* Branches.swift in Sources */ = {isa = PBXBuildFile; fileRef = 9E92AA9A290D4A040018604C /* Branches.swift */; };
		9E92AAA4290D4A1C0018604C /* Hook.swift in Sources */ = {isa = PBXBuildFile; fileRef = 9E92AAA3290D4A1C0018604C /* Hook.swift */; };
		9E92AAAD290D4E7A0018604C /* MobileSubstrate.swift in Sources */ = {isa = PBXBuildFile; fileRef = 9E92AA96290D4A040018604C /* MobileSubstrate.swift */; };
		9E92AAAE290D4E7A0018604C /* Assembly.c in Sources */ = {isa = PBXBuildFile; fileRef = 9E92AA95290D4A040018604C /* Assembly.c */; };
		9E92AAAF290D4E7A0018604C /* Hook.swift in Sources */ = {isa = PBXBuildFile; fileRef = 9E92AAA3290D4A1C0018604C /* Hook.swift */; };
		9E92AAB0290D4E7A0018604C /* Math.swift in Sources */ = {isa = PBXBuildFile; fileRef = 9E92AA99290D4A040018604C /* Math.swift */; };
		9E92AAB1290D4E7A0018604C /* Register.swift in Sources */ = {isa = PBXBuildFile; fileRef = 9E92AA98290D4A040018604C /* Register.swift */; };
		9E92AAB3290D4E7A0018604C /* exec.swift in Sources */ = {isa = PBXBuildFile; fileRef = 9E92AA97290D4A040018604C /* exec.swift */; };
		9E92AAB4290D4E7A0018604C /* ellekit.swift in Sources */ = {isa = PBXBuildFile; fileRef = 9E92AA8A290D47540018604C /* ellekit.swift */; };
		9E92AAB5290D4E7A0018604C /* Branches.swift in Sources */ = {isa = PBXBuildFile; fileRef = 9E92AA9A290D4A040018604C /* Branches.swift */; };
		9E92AAB6290D4E7A0018604C /* ellekit-Bridging-Header.h in Headers */ = {isa = PBXBuildFile; fileRef = 9E92AA9B290D4A040018604C /* ellekit-Bridging-Header.h */; };
/* End PBXBuildFile section */

/* Begin PBXCopyFilesBuildPhase section */
		9E92AA85290D47540018604C /* CopyFiles */ = {
			isa = PBXCopyFilesBuildPhase;
			buildActionMask = 2147483647;
			dstPath = "include/$(PRODUCT_NAME)";
			dstSubfolderSpec = 16;
			files = (
			);
			runOnlyForDeploymentPostprocessing = 0;
		};
/* End PBXCopyFilesBuildPhase section */

/* Begin PBXFileReference section */
		9E698575290DFB5000408E14 /* Libhooker.swift */ = {isa = PBXFileReference; lastKnownFileType = sourcecode.swift; path = Libhooker.swift; sourceTree = "<group>"; };
		9E698578290EC91700408E14 /* Sizing.swift */ = {isa = PBXFileReference; lastKnownFileType = sourcecode.swift; path = Sizing.swift; sourceTree = "<group>"; };
		9E92AA87290D47540018604C /* libellekit.a */ = {isa = PBXFileReference; explicitFileType = archive.ar; includeInIndex = 0; path = libellekit.a; sourceTree = BUILT_PRODUCTS_DIR; };
		9E92AA8A290D47540018604C /* ellekit.swift */ = {isa = PBXFileReference; lastKnownFileType = sourcecode.swift; path = ellekit.swift; sourceTree = "<group>"; };
		9E92AA95290D4A040018604C /* Assembly.c */ = {isa = PBXFileReference; fileEncoding = 4; lastKnownFileType = sourcecode.c.c; path = Assembly.c; sourceTree = "<group>"; };
		9E92AA96290D4A040018604C /* MobileSubstrate.swift */ = {isa = PBXFileReference; fileEncoding = 4; lastKnownFileType = sourcecode.swift; path = MobileSubstrate.swift; sourceTree = "<group>"; };
		9E92AA97290D4A040018604C /* exec.swift */ = {isa = PBXFileReference; fileEncoding = 4; lastKnownFileType = sourcecode.swift; path = exec.swift; sourceTree = "<group>"; };
		9E92AA98290D4A040018604C /* Register.swift */ = {isa = PBXFileReference; fileEncoding = 4; lastKnownFileType = sourcecode.swift; path = Register.swift; sourceTree = "<group>"; };
		9E92AA99290D4A040018604C /* Math.swift */ = {isa = PBXFileReference; fileEncoding = 4; lastKnownFileType = sourcecode.swift; path = Math.swift; sourceTree = "<group>"; };
		9E92AA9A290D4A040018604C /* Branches.swift */ = {isa = PBXFileReference; fileEncoding = 4; lastKnownFileType = sourcecode.swift; path = Branches.swift; sourceTree = "<group>"; };
		9E92AA9B290D4A040018604C /* ellekit-Bridging-Header.h */ = {isa = PBXFileReference; fileEncoding = 4; lastKnownFileType = sourcecode.c.h; path = "ellekit-Bridging-Header.h"; sourceTree = "<group>"; };
		9E92AAA3290D4A1C0018604C /* Hook.swift */ = {isa = PBXFileReference; lastKnownFileType = sourcecode.swift; path = Hook.swift; sourceTree = "<group>"; };
		9E92AAA9290D4E680018604C /* libellekit-mac.dylib */ = {isa = PBXFileReference; explicitFileType = "compiled.mach-o.dylib"; includeInIndex = 0; path = "libellekit-mac.dylib"; sourceTree = BUILT_PRODUCTS_DIR; };
/* End PBXFileReference section */

/* Begin PBXFrameworksBuildPhase section */
		9E92AA84290D47540018604C /* Frameworks */ = {
			isa = PBXFrameworksBuildPhase;
			buildActionMask = 2147483647;
			files = (
			);
			runOnlyForDeploymentPostprocessing = 0;
		};
		9E92AAA7290D4E680018604C /* Frameworks */ = {
			isa = PBXFrameworksBuildPhase;
			buildActionMask = 2147483647;
			files = (
			);
			runOnlyForDeploymentPostprocessing = 0;
		};
/* End PBXFrameworksBuildPhase section */

/* Begin PBXGroup section */
		9E48018C290FE5C3007E433F /* PAC */ = {
			isa = PBXGroup;
			children = (
			);
			path = PAC;
			sourceTree = "<group>";
		};
		9E92AA7E290D47540018604C = {
			isa = PBXGroup;
			children = (
				9E92AA89290D47540018604C /* ellekit */,
				9E92AA88290D47540018604C /* Products */,
			);
			sourceTree = "<group>";
		};
		9E92AA88290D47540018604C /* Products */ = {
			isa = PBXGroup;
			children = (
				9E92AA87290D47540018604C /* libellekit.a */,
				9E92AAA9290D4E680018604C /* libellekit-mac.dylib */,
			);
			name = Products;
			sourceTree = "<group>";
		};
		9E92AA89290D47540018604C /* ellekit */ = {
			isa = PBXGroup;
			children = (
				9E48018C290FE5C3007E433F /* PAC */,
				9E92AA8A290D47540018604C /* ellekit.swift */,
				9E92AA9B290D4A040018604C /* ellekit-Bridging-Header.h */,
				9E92AA95290D4A040018604C /* Assembly.c */,
				9E92AA9A290D4A040018604C /* Branches.swift */,
				9E92AA97290D4A040018604C /* exec.swift */,
				9E92AAA3290D4A1C0018604C /* Hook.swift */,
				9E92AA99290D4A040018604C /* Math.swift */,
				9E92AA96290D4A040018604C /* MobileSubstrate.swift */,
				9E92AA98290D4A040018604C /* Register.swift */,
				9E698575290DFB5000408E14 /* Libhooker.swift */,
				9E698578290EC91700408E14 /* Sizing.swift */,
			);
			path = ellekit;
			sourceTree = "<group>";
		};
/* End PBXGroup section */

/* Begin PBXHeadersBuildPhase section */
		9E92AAA5290D4E680018604C /* Headers */ = {
			isa = PBXHeadersBuildPhase;
			buildActionMask = 2147483647;
			files = (
				9E92AAB6290D4E7A0018604C /* ellekit-Bridging-Header.h in Headers */,
			);
			runOnlyForDeploymentPostprocessing = 0;
		};
/* End PBXHeadersBuildPhase section */

/* Begin PBXNativeTarget section */
		9E92AA86290D47540018604C /* ellekit */ = {
			isa = PBXNativeTarget;
			buildConfigurationList = 9E92AA8E290D47540018604C /* Build configuration list for PBXNativeTarget "ellekit" */;
			buildPhases = (
				9E92AA83290D47540018604C /* Sources */,
				9E92AA84290D47540018604C /* Frameworks */,
				9E92AA85290D47540018604C /* CopyFiles */,
			);
			buildRules = (
			);
			dependencies = (
			);
			name = ellekit;
			productName = ellekit;
			productReference = 9E92AA87290D47540018604C /* libellekit.a */;
			productType = "com.apple.product-type.library.static";
		};
		9E92AAA8290D4E680018604C /* ellekit-mac */ = {
			isa = PBXNativeTarget;
			buildConfigurationList = 9E92AAAA290D4E680018604C /* Build configuration list for PBXNativeTarget "ellekit-mac" */;
			buildPhases = (
				9E92AAA5290D4E680018604C /* Headers */,
				9E92AAA6290D4E680018604C /* Sources */,
				9E92AAA7290D4E680018604C /* Frameworks */,
			);
			buildRules = (
			);
			dependencies = (
			);
			name = "ellekit-mac";
			productName = "ellekit-mac";
			productReference = 9E92AAA9290D4E680018604C /* libellekit-mac.dylib */;
			productType = "com.apple.product-type.library.dynamic";
		};
/* End PBXNativeTarget section */

/* Begin PBXProject section */
		9E92AA7F290D47540018604C /* Project object */ = {
			isa = PBXProject;
			attributes = {
				BuildIndependentTargetsInParallel = 1;
				LastSwiftUpdateCheck = 1410;
				LastUpgradeCheck = 1410;
				TargetAttributes = {
					9E92AA86290D47540018604C = {
						CreatedOnToolsVersion = 14.1;
						LastSwiftMigration = 1410;
					};
					9E92AAA8290D4E680018604C = {
						CreatedOnToolsVersion = 14.1;
					};
				};
			};
			buildConfigurationList = 9E92AA82290D47540018604C /* Build configuration list for PBXProject "ellekit" */;
			compatibilityVersion = "Xcode 14.0";
			developmentRegion = en;
			hasScannedForEncodings = 0;
			knownRegions = (
				en,
				Base,
			);
			mainGroup = 9E92AA7E290D47540018604C;
			productRefGroup = 9E92AA88290D47540018604C /* Products */;
			projectDirPath = "";
			projectRoot = "";
			targets = (
				9E92AA86290D47540018604C /* ellekit */,
				9E92AAA8290D4E680018604C /* ellekit-mac */,
			);
		};
/* End PBXProject section */

/* Begin PBXSourcesBuildPhase section */
		9E92AA83290D47540018604C /* Sources */ = {
			isa = PBXSourcesBuildPhase;
			buildActionMask = 2147483647;
			files = (
				9E92AAA0290D4A040018604C /* Register.swift in Sources */,
				9E92AA9E290D4A040018604C /* MobileSubstrate.swift in Sources */,
				9E92AAA1290D4A040018604C /* Math.swift in Sources */,
				9E92AAA4290D4A1C0018604C /* Hook.swift in Sources */,
				9E92AA9F290D4A040018604C /* exec.swift in Sources */,
				9E92AA9D290D4A040018604C /* Assembly.c in Sources */,
				9E698576290DFB5000408E14 /* Libhooker.swift in Sources */,
				9E92AA8B290D47540018604C /* ellekit.swift in Sources */,
				9E92AAA2290D4A040018604C /* Branches.swift in Sources */,
				9E698579290EC91700408E14 /* Sizing.swift in Sources */,
			);
			runOnlyForDeploymentPostprocessing = 0;
		};
		9E92AAA6290D4E680018604C /* Sources */ = {
			isa = PBXSourcesBuildPhase;
			buildActionMask = 2147483647;
			files = (
				9E92AAAD290D4E7A0018604C /* MobileSubstrate.swift in Sources */,
				9E92AAB3290D4E7A0018604C /* exec.swift in Sources */,
				9E92AAB4290D4E7A0018604C /* ellekit.swift in Sources */,
				9E92AAAF290D4E7A0018604C /* Hook.swift in Sources */,
				9E92AAAE290D4E7A0018604C /* Assembly.c in Sources */,
				9E92AAB5290D4E7A0018604C /* Branches.swift in Sources */,
				9E698577290E015E00408E14 /* Libhooker.swift in Sources */,
				9E92AAB0290D4E7A0018604C /* Math.swift in Sources */,
				9E92AAB1290D4E7A0018604C /* Register.swift in Sources */,
				9E69857A290ECAE500408E14 /* Sizing.swift in Sources */,
			);
			runOnlyForDeploymentPostprocessing = 0;
		};
/* End PBXSourcesBuildPhase section */

/* Begin XCBuildConfiguration section */
		9E92AA8C290D47540018604C /* Debug */ = {
			isa = XCBuildConfiguration;
			buildSettings = {
				ALWAYS_SEARCH_USER_PATHS = NO;
				CLANG_ANALYZER_NONNULL = YES;
				CLANG_ANALYZER_NUMBER_OBJECT_CONVERSION = YES_AGGRESSIVE;
				CLANG_CXX_LANGUAGE_STANDARD = "gnu++20";
				CLANG_ENABLE_MODULES = YES;
				CLANG_ENABLE_OBJC_ARC = YES;
				CLANG_ENABLE_OBJC_WEAK = YES;
				CLANG_WARN_BLOCK_CAPTURE_AUTORELEASING = YES;
				CLANG_WARN_BOOL_CONVERSION = YES;
				CLANG_WARN_COMMA = YES;
				CLANG_WARN_CONSTANT_CONVERSION = YES;
				CLANG_WARN_DEPRECATED_OBJC_IMPLEMENTATIONS = YES;
				CLANG_WARN_DIRECT_OBJC_ISA_USAGE = YES_ERROR;
				CLANG_WARN_DOCUMENTATION_COMMENTS = YES;
				CLANG_WARN_EMPTY_BODY = YES;
				CLANG_WARN_ENUM_CONVERSION = YES;
				CLANG_WARN_INFINITE_RECURSION = YES;
				CLANG_WARN_INT_CONVERSION = YES;
				CLANG_WARN_NON_LITERAL_NULL_CONVERSION = YES;
				CLANG_WARN_OBJC_IMPLICIT_RETAIN_SELF = YES;
				CLANG_WARN_OBJC_LITERAL_CONVERSION = YES;
				CLANG_WARN_OBJC_ROOT_CLASS = YES_ERROR;
				CLANG_WARN_QUOTED_INCLUDE_IN_FRAMEWORK_HEADER = YES;
				CLANG_WARN_RANGE_LOOP_ANALYSIS = YES;
				CLANG_WARN_STRICT_PROTOTYPES = YES;
				CLANG_WARN_SUSPICIOUS_MOVE = YES;
				CLANG_WARN_UNGUARDED_AVAILABILITY = YES_AGGRESSIVE;
				CLANG_WARN_UNREACHABLE_CODE = YES;
				CLANG_WARN__DUPLICATE_METHOD_MATCH = YES;
				COPY_PHASE_STRIP = NO;
				DEBUG_INFORMATION_FORMAT = dwarf;
				ENABLE_STRICT_OBJC_MSGSEND = YES;
				ENABLE_TESTABILITY = YES;
				GCC_C_LANGUAGE_STANDARD = gnu11;
				GCC_DYNAMIC_NO_PIC = NO;
				GCC_NO_COMMON_BLOCKS = YES;
				GCC_OPTIMIZATION_LEVEL = 0;
				GCC_PREPROCESSOR_DEFINITIONS = (
					"DEBUG=1",
					"$(inherited)",
				);
				GCC_WARN_64_TO_32_BIT_CONVERSION = YES;
				GCC_WARN_ABOUT_RETURN_TYPE = YES_ERROR;
				GCC_WARN_UNDECLARED_SELECTOR = YES;
				GCC_WARN_UNINITIALIZED_AUTOS = YES_AGGRESSIVE;
				GCC_WARN_UNUSED_FUNCTION = YES;
				GCC_WARN_UNUSED_VARIABLE = YES;
				IPHONEOS_DEPLOYMENT_TARGET = 16.1;
				MTL_ENABLE_DEBUG_INFO = INCLUDE_SOURCE;
				MTL_FAST_MATH = YES;
				ONLY_ACTIVE_ARCH = YES;
				SDKROOT = iphoneos;
				SWIFT_ACTIVE_COMPILATION_CONDITIONS = DEBUG;
				SWIFT_OPTIMIZATION_LEVEL = "-Onone";
			};
			name = Debug;
		};
		9E92AA8D290D47540018604C /* Release */ = {
			isa = XCBuildConfiguration;
			buildSettings = {
				ALWAYS_SEARCH_USER_PATHS = NO;
				CLANG_ANALYZER_NONNULL = YES;
				CLANG_ANALYZER_NUMBER_OBJECT_CONVERSION = YES_AGGRESSIVE;
				CLANG_CXX_LANGUAGE_STANDARD = "gnu++20";
				CLANG_ENABLE_MODULES = YES;
				CLANG_ENABLE_OBJC_ARC = YES;
				CLANG_ENABLE_OBJC_WEAK = YES;
				CLANG_WARN_BLOCK_CAPTURE_AUTORELEASING = YES;
				CLANG_WARN_BOOL_CONVERSION = YES;
				CLANG_WARN_COMMA = YES;
				CLANG_WARN_CONSTANT_CONVERSION = YES;
				CLANG_WARN_DEPRECATED_OBJC_IMPLEMENTATIONS = YES;
				CLANG_WARN_DIRECT_OBJC_ISA_USAGE = YES_ERROR;
				CLANG_WARN_DOCUMENTATION_COMMENTS = YES;
				CLANG_WARN_EMPTY_BODY = YES;
				CLANG_WARN_ENUM_CONVERSION = YES;
				CLANG_WARN_INFINITE_RECURSION = YES;
				CLANG_WARN_INT_CONVERSION = YES;
				CLANG_WARN_NON_LITERAL_NULL_CONVERSION = YES;
				CLANG_WARN_OBJC_IMPLICIT_RETAIN_SELF = YES;
				CLANG_WARN_OBJC_LITERAL_CONVERSION = YES;
				CLANG_WARN_OBJC_ROOT_CLASS = YES_ERROR;
				CLANG_WARN_QUOTED_INCLUDE_IN_FRAMEWORK_HEADER = YES;
				CLANG_WARN_RANGE_LOOP_ANALYSIS = YES;
				CLANG_WARN_STRICT_PROTOTYPES = YES;
				CLANG_WARN_SUSPICIOUS_MOVE = YES;
				CLANG_WARN_UNGUARDED_AVAILABILITY = YES_AGGRESSIVE;
				CLANG_WARN_UNREACHABLE_CODE = YES;
				CLANG_WARN__DUPLICATE_METHOD_MATCH = YES;
				COPY_PHASE_STRIP = NO;
				DEBUG_INFORMATION_FORMAT = "dwarf-with-dsym";
				ENABLE_NS_ASSERTIONS = NO;
				ENABLE_STRICT_OBJC_MSGSEND = YES;
				GCC_C_LANGUAGE_STANDARD = gnu11;
				GCC_NO_COMMON_BLOCKS = YES;
				GCC_WARN_64_TO_32_BIT_CONVERSION = YES;
				GCC_WARN_ABOUT_RETURN_TYPE = YES_ERROR;
				GCC_WARN_UNDECLARED_SELECTOR = YES;
				GCC_WARN_UNINITIALIZED_AUTOS = YES_AGGRESSIVE;
				GCC_WARN_UNUSED_FUNCTION = YES;
				GCC_WARN_UNUSED_VARIABLE = YES;
				IPHONEOS_DEPLOYMENT_TARGET = 16.1;
				MTL_ENABLE_DEBUG_INFO = NO;
				MTL_FAST_MATH = YES;
				SDKROOT = iphoneos;
				SWIFT_COMPILATION_MODE = wholemodule;
				SWIFT_OPTIMIZATION_LEVEL = "-O";
				VALIDATE_PRODUCT = YES;
			};
			name = Release;
		};
		9E92AA8F290D47540018604C /* Debug */ = {
			isa = XCBuildConfiguration;
			buildSettings = {
				ARCHS = (
					arm64,
					arm64e,
				);
				CLANG_ENABLE_MODULES = YES;
				CODE_SIGN_STYLE = Automatic;
				LD_RUNPATH_SEARCH_PATHS = (
					"$(inherited)",
					"@executable_path/Frameworks",
					"@loader_path/Frameworks",
				);
				MACH_O_TYPE = mh_dylib;
				OTHER_LDFLAGS = "-ObjC";
				PRODUCT_NAME = "$(TARGET_NAME)";
				SKIP_INSTALL = YES;
				SWIFT_OBJC_BRIDGING_HEADER = "ellekit/ellekit-Bridging-Header.h";
				SWIFT_OPTIMIZATION_LEVEL = "-Onone";
				SWIFT_VERSION = 5.0;
				TARGETED_DEVICE_FAMILY = "1,2";
			};
			name = Debug;
		};
		9E92AA90290D47540018604C /* Release */ = {
			isa = XCBuildConfiguration;
			buildSettings = {
				ARCHS = (
					arm64,
					arm64e,
				);
				CLANG_ENABLE_MODULES = YES;
				CODE_SIGN_STYLE = Automatic;
				LD_RUNPATH_SEARCH_PATHS = (
					"$(inherited)",
					"@executable_path/Frameworks",
					"@loader_path/Frameworks",
				);
				MACH_O_TYPE = mh_dylib;
				OTHER_LDFLAGS = "-ObjC";
				PRODUCT_NAME = "$(TARGET_NAME)";
				SKIP_INSTALL = YES;
				SWIFT_OBJC_BRIDGING_HEADER = "ellekit/ellekit-Bridging-Header.h";
				SWIFT_VERSION = 5.0;
				TARGETED_DEVICE_FAMILY = "1,2";
			};
			name = Release;
		};
		9E92AAAB290D4E680018604C /* Debug */ = {
			isa = XCBuildConfiguration;
			buildSettings = {
				CODE_SIGN_STYLE = Automatic;
				DYLIB_COMPATIBILITY_VERSION = 1;
				DYLIB_CURRENT_VERSION = 1;
				EXECUTABLE_PREFIX = lib;
				KEEP_PRIVATE_EXTERNS = NO;
				MACOSX_DEPLOYMENT_TARGET = 13.0;
				PRODUCT_NAME = "$(TARGET_NAME)";
				SDKROOT = macosx;
				SKIP_INSTALL = YES;
				STRIP_INSTALLED_PRODUCT = NO;
				STRIP_STYLE = "";
				STRIP_SWIFT_SYMBOLS = NO;
				SWIFT_OBJC_BRIDGING_HEADER = "ellekit/ellekit-Bridging-Header.h";
				SWIFT_VERSION = 5.0;
			};
			name = Debug;
		};
		9E92AAAC290D4E680018604C /* Release */ = {
			isa = XCBuildConfiguration;
			buildSettings = {
				CODE_SIGN_STYLE = Automatic;
				DYLIB_COMPATIBILITY_VERSION = 1;
				DYLIB_CURRENT_VERSION = 1;
				EXECUTABLE_PREFIX = lib;
				KEEP_PRIVATE_EXTERNS = NO;
				MACOSX_DEPLOYMENT_TARGET = 13.0;
				PRODUCT_NAME = "$(TARGET_NAME)";
				SDKROOT = macosx;
				SKIP_INSTALL = YES;
				STRIP_INSTALLED_PRODUCT = NO;
				STRIP_STYLE = "";
				STRIP_SWIFT_SYMBOLS = NO;
				SWIFT_OBJC_BRIDGING_HEADER = "ellekit/ellekit-Bridging-Header.h";
				SWIFT_VERSION = 5.0;
			};
			name = Release;
		};
/* End XCBuildConfiguration section */

/* Begin XCConfigurationList section */
		9E92AA82290D47540018604C /* Build configuration list for PBXProject "ellekit" */ = {
			isa = XCConfigurationList;
			buildConfigurations = (
				9E92AA8C290D47540018604C /* Debug */,
				9E92AA8D290D47540018604C /* Release */,
			);
			defaultConfigurationIsVisible = 0;
			defaultConfigurationName = Release;
		};
		9E92AA8E290D47540018604C /* Build configuration list for PBXNativeTarget "ellekit" */ = {
			isa = XCConfigurationList;
			buildConfigurations = (
				9E92AA8F290D47540018604C /* Debug */,
				9E92AA90290D47540018604C /* Release */,
			);
			defaultConfigurationIsVisible = 0;
			defaultConfigurationName = Release;
		};
		9E92AAAA290D4E680018604C /* Build configuration list for PBXNativeTarget "ellekit-mac" */ = {
			isa = XCConfigurationList;
			buildConfigurations = (
				9E92AAAB290D4E680018604C /* Debug */,
				9E92AAAC290D4E680018604C /* Release */,
			);
			defaultConfigurationIsVisible = 0;
			defaultConfigurationName = Release;
		};
/* End XCConfigurationList section */
	};
	rootObject = 9E92AA7F290D47540018604C /* Project object */;
}
